// !$*UTF8*$!
{
	archiveVersion = 1;
	classes = {
	};
	objectVersion = 55;
	objects = {

/* Begin PBXBuildFile section */
		4316238228341F5F00169AA9 /* MessageKit in Frameworks */ = {isa = PBXBuildFile; productRef = 4316238128341F5F00169AA9 /* MessageKit */; };
		4316238428343D3F00169AA9 /* SheetViewController.swift in Sources */ = {isa = PBXBuildFile; fileRef = 4316238328343D3F00169AA9 /* SheetViewController.swift */; };
		4316238C2834F8A600169AA9 /* SpecialTabBarController.swift in Sources */ = {isa = PBXBuildFile; fileRef = 4316238B2834F8A600169AA9 /* SpecialTabBarController.swift */; };
		4329571C27F4008300FA48A9 /* EnterEmailViewController.swift in Sources */ = {isa = PBXBuildFile; fileRef = 4329571B27F4008300FA48A9 /* EnterEmailViewController.swift */; };
		433970DF27FE501700876026 /* WelcomeTutorialViewController.swift in Sources */ = {isa = PBXBuildFile; fileRef = 433970DE27FE501700876026 /* WelcomeTutorialViewController.swift */; };
		43483BB228025179001C7C6A /* EnterUsernameViewController.swift in Sources */ = {isa = PBXBuildFile; fileRef = 43483BB128025179001C7C6A /* EnterUsernameViewController.swift */; };
		43483BB42802519C001C7C6A /* EnterPasswordViewController.swift in Sources */ = {isa = PBXBuildFile; fileRef = 43483BB32802519C001C7C6A /* EnterPasswordViewController.swift */; };
		43483BB6280251B1001C7C6A /* EnterNameViewController.swift in Sources */ = {isa = PBXBuildFile; fileRef = 43483BB5280251B1001C7C6A /* EnterNameViewController.swift */; };
		4369DB0A282EC436009215D4 /* MessageThread.swift in Sources */ = {isa = PBXBuildFile; fileRef = 4369DB09282EC436009215D4 /* MessageThread.swift */; };
		4369DB0C282EC465009215D4 /* Message.swift in Sources */ = {isa = PBXBuildFile; fileRef = 4369DB0B282EC465009215D4 /* Message.swift */; };
		436EE80927F40CEA000D2887 /* ConfirmEmailViewController.swift in Sources */ = {isa = PBXBuildFile; fileRef = 436EE80827F40CEA000D2887 /* ConfirmEmailViewController.swift */; };
		43770C3E27EE819300F31CCF /* apiTests in Resources */ = {isa = PBXBuildFile; fileRef = 43770C3D27EE819300F31CCF /* apiTests */; };
		43770C4B27EE8C0F00F31CCF /* LoginViewController.swift in Sources */ = {isa = PBXBuildFile; fileRef = 43770C4A27EE8C0F00F31CCF /* LoginViewController.swift */; };
		439E44F427DFB71300E244D6 /* ProfileAPI.swift in Sources */ = {isa = PBXBuildFile; fileRef = 439E44F327DFB71300E244D6 /* ProfileAPI.swift */; };
		439E44F627DFB76200E244D6 /* Profile.swift in Sources */ = {isa = PBXBuildFile; fileRef = 439E44F527DFB76200E244D6 /* Profile.swift */; };
		439E44F827DFE11F00E244D6 /* WordAPI.swift in Sources */ = {isa = PBXBuildFile; fileRef = 439E44F727DFE11F00E244D6 /* WordAPI.swift */; };
		439E44FA27DFE20600E244D6 /* Word.swift in Sources */ = {isa = PBXBuildFile; fileRef = 439E44F927DFE20600E244D6 /* Word.swift */; };
		439E44FC27E01D4900E244D6 /* AuthAPI.swift in Sources */ = {isa = PBXBuildFile; fileRef = 439E44FB27E01D4900E244D6 /* AuthAPI.swift */; };
		43A05BDD2835008B0085A99B /* SpecialTabBar.swift in Sources */ = {isa = PBXBuildFile; fileRef = 43A05BDC2835008B0085A99B /* SpecialTabBar.swift */; };
		43E30CFA2820AC9900DBEB57 /* CommentAPITest.swift in Sources */ = {isa = PBXBuildFile; fileRef = 43E30CF92820AC9900DBEB57 /* CommentAPITest.swift */; };
		43E30CFC2820ACC600DBEB57 /* ProfileAPITest.swift in Sources */ = {isa = PBXBuildFile; fileRef = 43E30CFB2820ACC600DBEB57 /* ProfileAPITest.swift */; };
		43E30CFE2826355C00DBEB57 /* EnterProfilePictureViewController.swift in Sources */ = {isa = PBXBuildFile; fileRef = 43E30CFD2826355C00DBEB57 /* EnterProfilePictureViewController.swift */; };
		43E30D0228263E1200DBEB57 /* ImagePicker.swift in Sources */ = {isa = PBXBuildFile; fileRef = 43E30D0128263E1200DBEB57 /* ImagePicker.swift */; };
		4700F8B427DD7BBA006C2E08 /* FlagAPI.swift in Sources */ = {isa = PBXBuildFile; fileRef = 4700F8B027DD7BB9006C2E08 /* FlagAPI.swift */; };
		4700F8B527DD7BBA006C2E08 /* CommentAPI.swift in Sources */ = {isa = PBXBuildFile; fileRef = 4700F8B127DD7BB9006C2E08 /* CommentAPI.swift */; };
		4700F8B627DD7BBA006C2E08 /* BasicAPI.swift in Sources */ = {isa = PBXBuildFile; fileRef = 4700F8B227DD7BB9006C2E08 /* BasicAPI.swift */; };
		4700F8B727DD7BBA006C2E08 /* VoteAPI.swift in Sources */ = {isa = PBXBuildFile; fileRef = 4700F8B327DD7BB9006C2E08 /* VoteAPI.swift */; };
		4700F8BA27DD7BE3006C2E08 /* Flag.swift in Sources */ = {isa = PBXBuildFile; fileRef = 4700F8B827DD7BE3006C2E08 /* Flag.swift */; };
		4700F8BB27DD7BE3006C2E08 /* Vote.swift in Sources */ = {isa = PBXBuildFile; fileRef = 4700F8B927DD7BE3006C2E08 /* Vote.swift */; };
		4700F8BE27DD807C006C2E08 /* CommentCell.swift in Sources */ = {isa = PBXBuildFile; fileRef = 4700F8BC27DD807C006C2E08 /* CommentCell.swift */; };
		4700F8BF27DD807C006C2E08 /* CommentCell.xib in Resources */ = {isa = PBXBuildFile; fileRef = 4700F8BD27DD807C006C2E08 /* CommentCell.xib */; };
		4700F8C327DE1EA6006C2E08 /* SortByViewController.swift in Sources */ = {isa = PBXBuildFile; fileRef = 4700F8C227DE1EA6006C2E08 /* SortByViewController.swift */; };
		4700F8C627DE4652006C2E08 /* ExploreMapViewController.swift in Sources */ = {isa = PBXBuildFile; fileRef = 4700F8C527DE4652006C2E08 /* ExploreMapViewController.swift */; };
		470F271327DE6F5800C6DDAF /* LiveResultsTableViewController.swift in Sources */ = {isa = PBXBuildFile; fileRef = 470F271227DE6F5800C6DDAF /* LiveResultsTableViewController.swift */; };
		470F271827DE758100C6DDAF /* WordResultCell.swift in Sources */ = {isa = PBXBuildFile; fileRef = 470F271627DE758100C6DDAF /* WordResultCell.swift */; };
		470F271927DE758100C6DDAF /* WordResultCell.xib in Resources */ = {isa = PBXBuildFile; fileRef = 470F271727DE758100C6DDAF /* WordResultCell.xib */; };
		470F271C27DE764F00C6DDAF /* UserResultCell.swift in Sources */ = {isa = PBXBuildFile; fileRef = 470F271A27DE764F00C6DDAF /* UserResultCell.swift */; };
		470F271D27DE764F00C6DDAF /* UserResultCell.xib in Resources */ = {isa = PBXBuildFile; fileRef = 470F271B27DE764F00C6DDAF /* UserResultCell.xib */; };
		470F271F27DE9ABE00C6DDAF /* ResultsFeedViewController.swift in Sources */ = {isa = PBXBuildFile; fileRef = 470F271E27DE9ABE00C6DDAF /* ResultsFeedViewController.swift */; };
		471F92CF28013F9B0079F8CA /* ExploreFeedViewController.swift in Sources */ = {isa = PBXBuildFile; fileRef = 471F92CE28013F9B0079F8CA /* ExploreFeedViewController.swift */; };
		471F92D1280159430079F8CA /* SegmentedControlCell.swift in Sources */ = {isa = PBXBuildFile; fileRef = 471F92D0280159430079F8CA /* SegmentedControlCell.swift */; };
		47234BED28063D9C0031D7A5 /* NewMessageViewController.swift in Sources */ = {isa = PBXBuildFile; fileRef = 47234BEC28063D9C0031D7A5 /* NewMessageViewController.swift */; };
		47266AD227FF5531005DEDB1 /* UIView+LoadFromNib.swift in Sources */ = {isa = PBXBuildFile; fileRef = 47266AD127FF5531005DEDB1 /* UIView+LoadFromNib.swift */; };
		47266AD427FF69C9005DEDB1 /* UIViewController+Loading.swift in Sources */ = {isa = PBXBuildFile; fileRef = 47266AD327FF69C9005DEDB1 /* UIViewController+Loading.swift */; };
		473B5A222831C8B200BD1168 /* Alamofire.xcframework in Frameworks */ = {isa = PBXBuildFile; fileRef = 473B5A212831C8B200BD1168 /* Alamofire.xcframework */; };
		473B5A232831C8B200BD1168 /* Alamofire.xcframework in Embed Frameworks */ = {isa = PBXBuildFile; fileRef = 473B5A212831C8B200BD1168 /* Alamofire.xcframework */; settings = {ATTRIBUTES = (CodeSignOnCopy, RemoveHeadersOnCopy, ); }; };
		473B5A262831C8B400BD1168 /* Starscream.xcframework in Frameworks */ = {isa = PBXBuildFile; fileRef = 473B5A252831C8B400BD1168 /* Starscream.xcframework */; };
		473B5A272831C8B400BD1168 /* Starscream.xcframework in Embed Frameworks */ = {isa = PBXBuildFile; fileRef = 473B5A252831C8B400BD1168 /* Starscream.xcframework */; settings = {ATTRIBUTES = (CodeSignOnCopy, RemoveHeadersOnCopy, ); }; };
		4746508527D83F3E0014217C /* MistUITextView.swift in Sources */ = {isa = PBXBuildFile; fileRef = 4746508427D83F3E0014217C /* MistUITextView.swift */; };
		4746508727D8735B0014217C /* RulesViewController.swift in Sources */ = {isa = PBXBuildFile; fileRef = 4746508627D8735B0014217C /* RulesViewController.swift */; };
		474A5DA327F4042F004215F9 /* UIImageView+Inspectable.swift in Sources */ = {isa = PBXBuildFile; fileRef = 474A5DA227F4042F004215F9 /* UIImageView+Inspectable.swift */; };
		474A5DA527F40606004215F9 /* RoundedImageView.swift in Sources */ = {isa = PBXBuildFile; fileRef = 474A5DA427F40606004215F9 /* RoundedImageView.swift */; };
		474A5DA827F4079D004215F9 /* MyProfileViewController.swift in Sources */ = {isa = PBXBuildFile; fileRef = 474A5DA727F4079D004215F9 /* MyProfileViewController.swift */; };
		474A5DAA27F40CB1004215F9 /* UISegmentedControl+Twitter.swift in Sources */ = {isa = PBXBuildFile; fileRef = 474A5DA927F40CB1004215F9 /* UISegmentedControl+Twitter.swift */; };
		475B1F8B27FB86C000ED59CD /* ConversationsViewController.swift in Sources */ = {isa = PBXBuildFile; fileRef = 475B1F8A27FB86C000ED59CD /* ConversationsViewController.swift */; };
		475B1F8D27FBAB2F00ED59CD /* UIView+Animations.swift in Sources */ = {isa = PBXBuildFile; fileRef = 475B1F8C27FBAB2F00ED59CD /* UIView+Animations.swift */; };
		475B1F8F27FBC2D400ED59CD /* UIView+Shadow.swift in Sources */ = {isa = PBXBuildFile; fileRef = 475B1F8E27FBC2D400ED59CD /* UIView+Shadow.swift */; };
		477499872832CF540067C26C /* AutocompleteChatViewController.swift in Sources */ = {isa = PBXBuildFile; fileRef = 477499862832CF540067C26C /* AutocompleteChatViewController.swift */; };
		477499892832D0CF0067C26C /* ChatViewController.swift in Sources */ = {isa = PBXBuildFile; fileRef = 477499882832D0CF0067C26C /* ChatViewController.swift */; };
		477A6FD627DFB0450020F864 /* Color.swift in Sources */ = {isa = PBXBuildFile; fileRef = 477A6FD527DFB0450020F864 /* Color.swift */; };
		4780E5B42832F0560012B741 /* SimpleChatViewController.swift in Sources */ = {isa = PBXBuildFile; fileRef = 4780E5B32832F0560012B741 /* SimpleChatViewController.swift */; };
		4780E5B6283308250012B741 /* MessageKitMessage.swift in Sources */ = {isa = PBXBuildFile; fileRef = 4780E5B5283308250012B741 /* MessageKitMessage.swift */; };
		4780E5B828330C570012B741 /* MessageKitUser.swift in Sources */ = {isa = PBXBuildFile; fileRef = 4780E5B728330C570012B741 /* MessageKitUser.swift */; };
		479683F32826494100CA23BA /* UIColor+Theme.swift in Sources */ = {isa = PBXBuildFile; fileRef = 479683F22826494100CA23BA /* UIColor+Theme.swift */; };
		479683F5282817CC00CA23BA /* PostMarkerAnnotationView.swift in Sources */ = {isa = PBXBuildFile; fileRef = 479683F4282817CC00CA23BA /* PostMarkerAnnotationView.swift */; };
		479683F82828180C00CA23BA /* ClusterAnnotationView.swift in Sources */ = {isa = PBXBuildFile; fileRef = 479683F72828180C00CA23BA /* ClusterAnnotationView.swift */; };
		479683FA28283ED700CA23BA /* MKClusterAnnotation+*.swift in Sources */ = {isa = PBXBuildFile; fileRef = 479683F928283ED700CA23BA /* MKClusterAnnotation+*.swift */; };
		479AA1F027DCE9A700EA0DFC /* PostCell.swift in Sources */ = {isa = PBXBuildFile; fileRef = 479AA1EE27DCE9A700EA0DFC /* PostCell.swift */; };
		479AA1F127DCE9A700EA0DFC /* PostCell.xib in Resources */ = {isa = PBXBuildFile; fileRef = 479AA1EF27DCE9A700EA0DFC /* PostCell.xib */; };
		479AA1F327DCF2BD00EA0DFC /* PostViewController.swift in Sources */ = {isa = PBXBuildFile; fileRef = 479AA1F227DCF2BD00EA0DFC /* PostViewController.swift */; };
		479AA1F527DCFFCB00EA0DFC /* UIVIew+TopBorder.swift in Sources */ = {isa = PBXBuildFile; fileRef = 479AA1F427DCFFCB00EA0DFC /* UIVIew+TopBorder.swift */; };
		479AA1F727DD0D3800EA0DFC /* Auth.storyboard in Resources */ = {isa = PBXBuildFile; fileRef = 479AA1F627DD0D3800EA0DFC /* Auth.storyboard */; };
		479AA1FB27DD0F0E00EA0DFC /* MistUILabel.swift in Sources */ = {isa = PBXBuildFile; fileRef = 479AA1FA27DD0F0E00EA0DFC /* MistUILabel.swift */; };
		479AA1FD27DD109F00EA0DFC /* Constants.swift in Sources */ = {isa = PBXBuildFile; fileRef = 479AA1FC27DD109F00EA0DFC /* Constants.swift */; };
		479AA1FF27DD223600EA0DFC /* MistUITextField.swift in Sources */ = {isa = PBXBuildFile; fileRef = 479AA1FE27DD223600EA0DFC /* MistUITextField.swift */; };
		479AA20127DD3F5500EA0DFC /* MistUIButton.swift in Sources */ = {isa = PBXBuildFile; fileRef = 479AA20027DD3F5500EA0DFC /* MistUIButton.swift */; };
		479AA20327DD4AA900EA0DFC /* KUIViewController.swift in Sources */ = {isa = PBXBuildFile; fileRef = 479AA20227DD4AA900EA0DFC /* KUIViewController.swift */; };
		47A3D70027D50CF1003DBEA5 /* FeedViewController.swift in Sources */ = {isa = PBXBuildFile; fileRef = 47A3D6FF27D50CF1003DBEA5 /* FeedViewController.swift */; };
		47A3D70227D524F4003DBEA5 /* NewPostViewController.swift in Sources */ = {isa = PBXBuildFile; fileRef = 47A3D70127D524F4003DBEA5 /* NewPostViewController.swift */; };
		47A3D70627D54F3C003DBEA5 /* Post.swift in Sources */ = {isa = PBXBuildFile; fileRef = 47A3D70527D54F3C003DBEA5 /* Post.swift */; };
		47A3D70827D54F6F003DBEA5 /* User.swift in Sources */ = {isa = PBXBuildFile; fileRef = 47A3D70727D54F6F003DBEA5 /* User.swift */; };
		47A3D70C27D55A3A003DBEA5 /* PostsService.swift in Sources */ = {isa = PBXBuildFile; fileRef = 47A3D70B27D55A3A003DBEA5 /* PostsService.swift */; };
		47A3D70E27D55BB3003DBEA5 /* Time.swift in Sources */ = {isa = PBXBuildFile; fileRef = 47A3D70D27D55BB3003DBEA5 /* Time.swift */; };
		47A3D71027D55BDD003DBEA5 /* PostFilter.swift in Sources */ = {isa = PBXBuildFile; fileRef = 47A3D70F27D55BDD003DBEA5 /* PostFilter.swift */; };
		47A3D71227D57A6D003DBEA5 /* UserService.swift in Sources */ = {isa = PBXBuildFile; fileRef = 47A3D71127D57A6D003DBEA5 /* UserService.swift */; };
		47A3D71D27D5940D003DBEA5 /* UITextView+DoneButton.swift in Sources */ = {isa = PBXBuildFile; fileRef = 47A3D71C27D5940D003DBEA5 /* UITextView+DoneButton.swift */; };
		47A3D71F27D598B6003DBEA5 /* TabBarController.swift in Sources */ = {isa = PBXBuildFile; fileRef = 47A3D71E27D598B6003DBEA5 /* TabBarController.swift */; };
		47A3D72327D5A0D2003DBEA5 /* ProfileViewController.swift in Sources */ = {isa = PBXBuildFile; fileRef = 47A3D72227D5A0D2003DBEA5 /* ProfileViewController.swift */; };
		47AE72AA27F77B0B00A5E94C /* UsernameSettingViewController.swift in Sources */ = {isa = PBXBuildFile; fileRef = 47AE72A927F77B0B00A5E94C /* UsernameSettingViewController.swift */; };
		47C1D49127DF00B200970B3D /* MoreViewController.swift in Sources */ = {isa = PBXBuildFile; fileRef = 47C1D49027DF00B200970B3D /* MoreViewController.swift */; };
		47C2834F27DED77500A19128 /* FeedHeaderCell.swift in Sources */ = {isa = PBXBuildFile; fileRef = 47C2834D27DED77500A19128 /* FeedHeaderCell.swift */; };
		47C2835027DED77500A19128 /* FeedHeaderCell.xib in Resources */ = {isa = PBXBuildFile; fileRef = 47C2834E27DED77500A19128 /* FeedHeaderCell.xib */; };
		47CBF6EE283556E600096514 /* SwiftyAttributes.xcframework in Frameworks */ = {isa = PBXBuildFile; fileRef = 47CBF6ED283556E600096514 /* SwiftyAttributes.xcframework */; };
		47CBF6EF283556E600096514 /* SwiftyAttributes.xcframework in Embed Frameworks */ = {isa = PBXBuildFile; fileRef = 47CBF6ED283556E600096514 /* SwiftyAttributes.xcframework */; settings = {ATTRIBUTES = (CodeSignOnCopy, RemoveHeadersOnCopy, ); }; };
		47CBF6F128356A7C00096514 /* FilterViewController.swift in Sources */ = {isa = PBXBuildFile; fileRef = 47CBF6F028356A7C00096514 /* FilterViewController.swift */; };
		47CE900A27E058090004B756 /* PinMapViewController.swift in Sources */ = {isa = PBXBuildFile; fileRef = 47CE900927E058090004B756 /* PinMapViewController.swift */; };
		47CE900C27E059DC0004B756 /* PinMapModalViewController.swift in Sources */ = {isa = PBXBuildFile; fileRef = 47CE900B27E059DC0004B756 /* PinMapModalViewController.swift */; };
		47E2B1BD27FFC52900131B8D /* ShadowNavigationController.swift in Sources */ = {isa = PBXBuildFile; fileRef = 47E2B1BC27FFC52900131B8D /* ShadowNavigationController.swift */; };
		47E2B1BF2800C1CD00131B8D /* UITextView+Placeholder.swift in Sources */ = {isa = PBXBuildFile; fileRef = 47E2B1BE2800C1CD00131B8D /* UITextView+Placeholder.swift */; };
		47E2B1C22800E9EB00131B8D /* MyCommentCell.swift in Sources */ = {isa = PBXBuildFile; fileRef = 47E2B1C02800E9EB00131B8D /* MyCommentCell.swift */; };
		47E2B1C32800E9EB00131B8D /* MyCommentCell.xib in Resources */ = {isa = PBXBuildFile; fileRef = 47E2B1C12800E9EB00131B8D /* MyCommentCell.xib */; };
		47E74E0C27CA0FFE00467A0C /* AppDelegate.swift in Sources */ = {isa = PBXBuildFile; fileRef = 47E74E0B27CA0FFE00467A0C /* AppDelegate.swift */; };
		47E74E0E27CA0FFE00467A0C /* SceneDelegate.swift in Sources */ = {isa = PBXBuildFile; fileRef = 47E74E0D27CA0FFE00467A0C /* SceneDelegate.swift */; };
		47E74E1327CA0FFE00467A0C /* Main.storyboard in Resources */ = {isa = PBXBuildFile; fileRef = 47E74E1127CA0FFE00467A0C /* Main.storyboard */; };
		47E74E1527CA0FFF00467A0C /* Assets.xcassets in Resources */ = {isa = PBXBuildFile; fileRef = 47E74E1427CA0FFF00467A0C /* Assets.xcassets */; };
		47E74E1827CA0FFF00467A0C /* Launch.storyboard in Resources */ = {isa = PBXBuildFile; fileRef = 47E74E1627CA0FFF00467A0C /* Launch.storyboard */; };
		47E74E2327CA100000467A0C /* mist_iosTests.swift in Sources */ = {isa = PBXBuildFile; fileRef = 47E74E2227CA100000467A0C /* mist_iosTests.swift */; };
		47E74E2D27CA100000467A0C /* mist_iosUITests.swift in Sources */ = {isa = PBXBuildFile; fileRef = 47E74E2C27CA100000467A0C /* mist_iosUITests.swift */; };
		47E74E2F27CA100000467A0C /* mist_iosUITestsLaunchTests.swift in Sources */ = {isa = PBXBuildFile; fileRef = 47E74E2E27CA100000467A0C /* mist_iosUITestsLaunchTests.swift */; };
		47EA3DFB27E0098F00381218 /* UINavigationController+Hairline.swift in Sources */ = {isa = PBXBuildFile; fileRef = 47EA3DFA27E0098F00381218 /* UINavigationController+Hairline.swift */; };
		47EA3E0027E013EB00381218 /* PostAnnotation.swift in Sources */ = {isa = PBXBuildFile; fileRef = 47EA3DFF27E013EB00381218 /* PostAnnotation.swift */; };
		47EA3E0227E0151200381218 /* MapViewController.swift in Sources */ = {isa = PBXBuildFile; fileRef = 47EA3E0127E0151200381218 /* MapViewController.swift */; };
		47EE95FA27F64C00003B351E /* SettingsViewController.swift in Sources */ = {isa = PBXBuildFile; fileRef = 47EE95F927F64C00003B351E /* SettingsViewController.swift */; };
		47F45FCD27FF51DF00F2187A /* PostView.swift in Sources */ = {isa = PBXBuildFile; fileRef = 47F45FCC27FF51DF00F2187A /* PostView.swift */; };
		47F45FCF27FF51EB00F2187A /* PostView.xib in Resources */ = {isa = PBXBuildFile; fileRef = 47F45FCE27FF51EB00F2187A /* PostView.xib */; };
		47F4EFD327E118DD00861F30 /* MapModalViewController.swift in Sources */ = {isa = PBXBuildFile; fileRef = 47F4EFD227E118DD00861F30 /* MapModalViewController.swift */; };
		47FF869827DB1F470076A1CA /* PostAPI.swift in Sources */ = {isa = PBXBuildFile; fileRef = 47FF869727DB1F470076A1CA /* PostAPI.swift */; };
		47FF869D27DB87A70076A1CA /* UIImage+Thumbnail.swift in Sources */ = {isa = PBXBuildFile; fileRef = 47FF869C27DB87A70076A1CA /* UIImage+Thumbnail.swift */; };
		47FF86A127DC712F0076A1CA /* Comment.swift in Sources */ = {isa = PBXBuildFile; fileRef = 47FF86A027DC712F0076A1CA /* Comment.swift */; };
/* End PBXBuildFile section */

/* Begin PBXContainerItemProxy section */
		47E74E1F27CA100000467A0C /* PBXContainerItemProxy */ = {
			isa = PBXContainerItemProxy;
			containerPortal = 47E74E0027CA0FFE00467A0C /* Project object */;
			proxyType = 1;
			remoteGlobalIDString = 47E74E0727CA0FFE00467A0C;
			remoteInfo = "mist-ios";
		};
		47E74E2927CA100000467A0C /* PBXContainerItemProxy */ = {
			isa = PBXContainerItemProxy;
			containerPortal = 47E74E0027CA0FFE00467A0C /* Project object */;
			proxyType = 1;
			remoteGlobalIDString = 47E74E0727CA0FFE00467A0C;
			remoteInfo = "mist-ios";
		};
/* End PBXContainerItemProxy section */

/* Begin PBXCopyFilesBuildPhase section */
		473B5A242831C8B200BD1168 /* Embed Frameworks */ = {
			isa = PBXCopyFilesBuildPhase;
			buildActionMask = 2147483647;
			dstPath = "";
			dstSubfolderSpec = 10;
			files = (
				47CBF6EF283556E600096514 /* SwiftyAttributes.xcframework in Embed Frameworks */,
				473B5A272831C8B400BD1168 /* Starscream.xcframework in Embed Frameworks */,
				473B5A232831C8B200BD1168 /* Alamofire.xcframework in Embed Frameworks */,
			);
			name = "Embed Frameworks";
			runOnlyForDeploymentPostprocessing = 0;
		};
/* End PBXCopyFilesBuildPhase section */

/* Begin PBXFileReference section */
		4316238328343D3F00169AA9 /* SheetViewController.swift */ = {isa = PBXFileReference; lastKnownFileType = sourcecode.swift; path = SheetViewController.swift; sourceTree = "<group>"; };
		4316238B2834F8A600169AA9 /* SpecialTabBarController.swift */ = {isa = PBXFileReference; lastKnownFileType = sourcecode.swift; path = SpecialTabBarController.swift; sourceTree = "<group>"; };
		4329571B27F4008300FA48A9 /* EnterEmailViewController.swift */ = {isa = PBXFileReference; lastKnownFileType = sourcecode.swift; path = EnterEmailViewController.swift; sourceTree = "<group>"; };
		433970DE27FE501700876026 /* WelcomeTutorialViewController.swift */ = {isa = PBXFileReference; fileEncoding = 4; lastKnownFileType = sourcecode.swift; path = WelcomeTutorialViewController.swift; sourceTree = "<group>"; };
		43483BB128025179001C7C6A /* EnterUsernameViewController.swift */ = {isa = PBXFileReference; lastKnownFileType = sourcecode.swift; path = EnterUsernameViewController.swift; sourceTree = "<group>"; };
		43483BB32802519C001C7C6A /* EnterPasswordViewController.swift */ = {isa = PBXFileReference; lastKnownFileType = sourcecode.swift; path = EnterPasswordViewController.swift; sourceTree = "<group>"; };
		43483BB5280251B1001C7C6A /* EnterNameViewController.swift */ = {isa = PBXFileReference; lastKnownFileType = sourcecode.swift; path = EnterNameViewController.swift; sourceTree = "<group>"; };
		4369DB09282EC436009215D4 /* MessageThread.swift */ = {isa = PBXFileReference; lastKnownFileType = sourcecode.swift; path = MessageThread.swift; sourceTree = "<group>"; };
		4369DB0B282EC465009215D4 /* Message.swift */ = {isa = PBXFileReference; lastKnownFileType = sourcecode.swift; path = Message.swift; sourceTree = "<group>"; };
		436EE80827F40CEA000D2887 /* ConfirmEmailViewController.swift */ = {isa = PBXFileReference; lastKnownFileType = sourcecode.swift; path = ConfirmEmailViewController.swift; sourceTree = "<group>"; };
		43770C3D27EE819300F31CCF /* apiTests */ = {isa = PBXFileReference; lastKnownFileType = folder; path = apiTests; sourceTree = "<group>"; };
		43770C4A27EE8C0F00F31CCF /* LoginViewController.swift */ = {isa = PBXFileReference; lastKnownFileType = sourcecode.swift; path = LoginViewController.swift; sourceTree = "<group>"; };
		439E44F327DFB71300E244D6 /* ProfileAPI.swift */ = {isa = PBXFileReference; lastKnownFileType = sourcecode.swift; path = ProfileAPI.swift; sourceTree = "<group>"; };
		439E44F527DFB76200E244D6 /* Profile.swift */ = {isa = PBXFileReference; lastKnownFileType = sourcecode.swift; path = Profile.swift; sourceTree = "<group>"; };
		439E44F727DFE11F00E244D6 /* WordAPI.swift */ = {isa = PBXFileReference; lastKnownFileType = sourcecode.swift; path = WordAPI.swift; sourceTree = "<group>"; };
		439E44F927DFE20600E244D6 /* Word.swift */ = {isa = PBXFileReference; lastKnownFileType = sourcecode.swift; path = Word.swift; sourceTree = "<group>"; };
		439E44FB27E01D4900E244D6 /* AuthAPI.swift */ = {isa = PBXFileReference; lastKnownFileType = sourcecode.swift; path = AuthAPI.swift; sourceTree = "<group>"; };
		43A05BDC2835008B0085A99B /* SpecialTabBar.swift */ = {isa = PBXFileReference; lastKnownFileType = sourcecode.swift; path = SpecialTabBar.swift; sourceTree = "<group>"; };
		43E30CF92820AC9900DBEB57 /* CommentAPITest.swift */ = {isa = PBXFileReference; lastKnownFileType = sourcecode.swift; path = CommentAPITest.swift; sourceTree = "<group>"; };
		43E30CFB2820ACC600DBEB57 /* ProfileAPITest.swift */ = {isa = PBXFileReference; lastKnownFileType = sourcecode.swift; path = ProfileAPITest.swift; sourceTree = "<group>"; };
		43E30CFD2826355C00DBEB57 /* EnterProfilePictureViewController.swift */ = {isa = PBXFileReference; lastKnownFileType = sourcecode.swift; path = EnterProfilePictureViewController.swift; sourceTree = "<group>"; };
		43E30D0128263E1200DBEB57 /* ImagePicker.swift */ = {isa = PBXFileReference; lastKnownFileType = sourcecode.swift; path = ImagePicker.swift; sourceTree = "<group>"; };
		4700F8B027DD7BB9006C2E08 /* FlagAPI.swift */ = {isa = PBXFileReference; fileEncoding = 4; lastKnownFileType = sourcecode.swift; path = FlagAPI.swift; sourceTree = "<group>"; };
		4700F8B127DD7BB9006C2E08 /* CommentAPI.swift */ = {isa = PBXFileReference; fileEncoding = 4; lastKnownFileType = sourcecode.swift; path = CommentAPI.swift; sourceTree = "<group>"; };
		4700F8B227DD7BB9006C2E08 /* BasicAPI.swift */ = {isa = PBXFileReference; fileEncoding = 4; lastKnownFileType = sourcecode.swift; path = BasicAPI.swift; sourceTree = "<group>"; };
		4700F8B327DD7BB9006C2E08 /* VoteAPI.swift */ = {isa = PBXFileReference; fileEncoding = 4; lastKnownFileType = sourcecode.swift; path = VoteAPI.swift; sourceTree = "<group>"; };
		4700F8B827DD7BE3006C2E08 /* Flag.swift */ = {isa = PBXFileReference; fileEncoding = 4; lastKnownFileType = sourcecode.swift; path = Flag.swift; sourceTree = "<group>"; };
		4700F8B927DD7BE3006C2E08 /* Vote.swift */ = {isa = PBXFileReference; fileEncoding = 4; lastKnownFileType = sourcecode.swift; path = Vote.swift; sourceTree = "<group>"; };
		4700F8BC27DD807C006C2E08 /* CommentCell.swift */ = {isa = PBXFileReference; lastKnownFileType = sourcecode.swift; path = CommentCell.swift; sourceTree = "<group>"; };
		4700F8BD27DD807C006C2E08 /* CommentCell.xib */ = {isa = PBXFileReference; lastKnownFileType = file.xib; path = CommentCell.xib; sourceTree = "<group>"; };
		4700F8C227DE1EA6006C2E08 /* SortByViewController.swift */ = {isa = PBXFileReference; lastKnownFileType = sourcecode.swift; path = SortByViewController.swift; sourceTree = "<group>"; };
		4700F8C527DE4652006C2E08 /* ExploreMapViewController.swift */ = {isa = PBXFileReference; lastKnownFileType = sourcecode.swift; path = ExploreMapViewController.swift; sourceTree = "<group>"; };
		470F271227DE6F5800C6DDAF /* LiveResultsTableViewController.swift */ = {isa = PBXFileReference; lastKnownFileType = sourcecode.swift; path = LiveResultsTableViewController.swift; sourceTree = "<group>"; };
		470F271627DE758100C6DDAF /* WordResultCell.swift */ = {isa = PBXFileReference; lastKnownFileType = sourcecode.swift; path = WordResultCell.swift; sourceTree = "<group>"; };
		470F271727DE758100C6DDAF /* WordResultCell.xib */ = {isa = PBXFileReference; lastKnownFileType = file.xib; path = WordResultCell.xib; sourceTree = "<group>"; };
		470F271A27DE764F00C6DDAF /* UserResultCell.swift */ = {isa = PBXFileReference; lastKnownFileType = sourcecode.swift; path = UserResultCell.swift; sourceTree = "<group>"; };
		470F271B27DE764F00C6DDAF /* UserResultCell.xib */ = {isa = PBXFileReference; lastKnownFileType = file.xib; path = UserResultCell.xib; sourceTree = "<group>"; };
		470F271E27DE9ABE00C6DDAF /* ResultsFeedViewController.swift */ = {isa = PBXFileReference; lastKnownFileType = sourcecode.swift; path = ResultsFeedViewController.swift; sourceTree = "<group>"; };
		471F92CE28013F9B0079F8CA /* ExploreFeedViewController.swift */ = {isa = PBXFileReference; lastKnownFileType = sourcecode.swift; path = ExploreFeedViewController.swift; sourceTree = "<group>"; };
		471F92D0280159430079F8CA /* SegmentedControlCell.swift */ = {isa = PBXFileReference; lastKnownFileType = sourcecode.swift; path = SegmentedControlCell.swift; sourceTree = "<group>"; };
		47234BEC28063D9C0031D7A5 /* NewMessageViewController.swift */ = {isa = PBXFileReference; lastKnownFileType = sourcecode.swift; path = NewMessageViewController.swift; sourceTree = "<group>"; };
		47266AD127FF5531005DEDB1 /* UIView+LoadFromNib.swift */ = {isa = PBXFileReference; lastKnownFileType = sourcecode.swift; path = "UIView+LoadFromNib.swift"; sourceTree = "<group>"; };
		47266AD327FF69C9005DEDB1 /* UIViewController+Loading.swift */ = {isa = PBXFileReference; lastKnownFileType = sourcecode.swift; path = "UIViewController+Loading.swift"; sourceTree = "<group>"; };
		473B5A212831C8B200BD1168 /* Alamofire.xcframework */ = {isa = PBXFileReference; lastKnownFileType = wrapper.xcframework; name = Alamofire.xcframework; path = Carthage/Build/Alamofire.xcframework; sourceTree = "<group>"; };
		473B5A252831C8B400BD1168 /* Starscream.xcframework */ = {isa = PBXFileReference; lastKnownFileType = wrapper.xcframework; name = Starscream.xcframework; path = Carthage/Build/Starscream.xcframework; sourceTree = "<group>"; };
		473CAF812832A6EB008D8807 /* mist-ios.xcconfig */ = {isa = PBXFileReference; lastKnownFileType = text.xcconfig; path = "mist-ios.xcconfig"; sourceTree = "<group>"; };
		4746508427D83F3E0014217C /* MistUITextView.swift */ = {isa = PBXFileReference; lastKnownFileType = sourcecode.swift; path = MistUITextView.swift; sourceTree = "<group>"; };
		4746508627D8735B0014217C /* RulesViewController.swift */ = {isa = PBXFileReference; lastKnownFileType = sourcecode.swift; path = RulesViewController.swift; sourceTree = "<group>"; };
		474A5DA227F4042F004215F9 /* UIImageView+Inspectable.swift */ = {isa = PBXFileReference; lastKnownFileType = sourcecode.swift; path = "UIImageView+Inspectable.swift"; sourceTree = "<group>"; };
		474A5DA427F40606004215F9 /* RoundedImageView.swift */ = {isa = PBXFileReference; lastKnownFileType = sourcecode.swift; path = RoundedImageView.swift; sourceTree = "<group>"; };
		474A5DA727F4079D004215F9 /* MyProfileViewController.swift */ = {isa = PBXFileReference; lastKnownFileType = sourcecode.swift; path = MyProfileViewController.swift; sourceTree = "<group>"; };
		474A5DA927F40CB1004215F9 /* UISegmentedControl+Twitter.swift */ = {isa = PBXFileReference; lastKnownFileType = sourcecode.swift; path = "UISegmentedControl+Twitter.swift"; sourceTree = "<group>"; };
		475B1F8A27FB86C000ED59CD /* ConversationsViewController.swift */ = {isa = PBXFileReference; lastKnownFileType = sourcecode.swift; path = ConversationsViewController.swift; sourceTree = "<group>"; };
		475B1F8C27FBAB2F00ED59CD /* UIView+Animations.swift */ = {isa = PBXFileReference; lastKnownFileType = sourcecode.swift; path = "UIView+Animations.swift"; sourceTree = "<group>"; };
		475B1F8E27FBC2D400ED59CD /* UIView+Shadow.swift */ = {isa = PBXFileReference; lastKnownFileType = sourcecode.swift; path = "UIView+Shadow.swift"; sourceTree = "<group>"; };
		477499862832CF540067C26C /* AutocompleteChatViewController.swift */ = {isa = PBXFileReference; fileEncoding = 4; lastKnownFileType = sourcecode.swift; path = AutocompleteChatViewController.swift; sourceTree = "<group>"; };
		477499882832D0CF0067C26C /* ChatViewController.swift */ = {isa = PBXFileReference; fileEncoding = 4; lastKnownFileType = sourcecode.swift; path = ChatViewController.swift; sourceTree = "<group>"; };
		477A6FD527DFB0450020F864 /* Color.swift */ = {isa = PBXFileReference; lastKnownFileType = sourcecode.swift; path = Color.swift; sourceTree = "<group>"; };
		4780E5B32832F0560012B741 /* SimpleChatViewController.swift */ = {isa = PBXFileReference; lastKnownFileType = sourcecode.swift; path = SimpleChatViewController.swift; sourceTree = "<group>"; };
		4780E5B5283308250012B741 /* MessageKitMessage.swift */ = {isa = PBXFileReference; lastKnownFileType = sourcecode.swift; path = MessageKitMessage.swift; sourceTree = "<group>"; };
		4780E5B728330C570012B741 /* MessageKitUser.swift */ = {isa = PBXFileReference; lastKnownFileType = sourcecode.swift; path = MessageKitUser.swift; sourceTree = "<group>"; };
		479683F22826494100CA23BA /* UIColor+Theme.swift */ = {isa = PBXFileReference; lastKnownFileType = sourcecode.swift; path = "UIColor+Theme.swift"; sourceTree = "<group>"; };
		479683F4282817CC00CA23BA /* PostMarkerAnnotationView.swift */ = {isa = PBXFileReference; lastKnownFileType = sourcecode.swift; path = PostMarkerAnnotationView.swift; sourceTree = "<group>"; };
		479683F72828180C00CA23BA /* ClusterAnnotationView.swift */ = {isa = PBXFileReference; lastKnownFileType = sourcecode.swift; path = ClusterAnnotationView.swift; sourceTree = "<group>"; };
		479683F928283ED700CA23BA /* MKClusterAnnotation+*.swift */ = {isa = PBXFileReference; lastKnownFileType = sourcecode.swift; path = "MKClusterAnnotation+*.swift"; sourceTree = "<group>"; };
		479AA1EE27DCE9A700EA0DFC /* PostCell.swift */ = {isa = PBXFileReference; lastKnownFileType = sourcecode.swift; path = PostCell.swift; sourceTree = "<group>"; };
		479AA1EF27DCE9A700EA0DFC /* PostCell.xib */ = {isa = PBXFileReference; lastKnownFileType = file.xib; path = PostCell.xib; sourceTree = "<group>"; };
		479AA1F227DCF2BD00EA0DFC /* PostViewController.swift */ = {isa = PBXFileReference; lastKnownFileType = sourcecode.swift; path = PostViewController.swift; sourceTree = "<group>"; };
		479AA1F427DCFFCB00EA0DFC /* UIVIew+TopBorder.swift */ = {isa = PBXFileReference; lastKnownFileType = sourcecode.swift; path = "UIVIew+TopBorder.swift"; sourceTree = "<group>"; };
		479AA1F627DD0D3800EA0DFC /* Auth.storyboard */ = {isa = PBXFileReference; lastKnownFileType = file.storyboard; path = Auth.storyboard; sourceTree = "<group>"; };
		479AA1FA27DD0F0E00EA0DFC /* MistUILabel.swift */ = {isa = PBXFileReference; lastKnownFileType = sourcecode.swift; path = MistUILabel.swift; sourceTree = "<group>"; };
		479AA1FC27DD109F00EA0DFC /* Constants.swift */ = {isa = PBXFileReference; lastKnownFileType = sourcecode.swift; path = Constants.swift; sourceTree = "<group>"; };
		479AA1FE27DD223600EA0DFC /* MistUITextField.swift */ = {isa = PBXFileReference; lastKnownFileType = sourcecode.swift; path = MistUITextField.swift; sourceTree = "<group>"; };
		479AA20027DD3F5500EA0DFC /* MistUIButton.swift */ = {isa = PBXFileReference; lastKnownFileType = sourcecode.swift; path = MistUIButton.swift; sourceTree = "<group>"; };
		479AA20227DD4AA900EA0DFC /* KUIViewController.swift */ = {isa = PBXFileReference; lastKnownFileType = sourcecode.swift; path = KUIViewController.swift; sourceTree = "<group>"; };
		47A260C328320648005D3707 /* mist-ios-Bridging-Header.h */ = {isa = PBXFileReference; lastKnownFileType = sourcecode.c.h; path = "mist-ios-Bridging-Header.h"; sourceTree = "<group>"; };
		47A260C528320675005D3707 /* UISheetPresentationControllerDetent+Private.h */ = {isa = PBXFileReference; lastKnownFileType = sourcecode.c.h; path = "UISheetPresentationControllerDetent+Private.h"; sourceTree = "<group>"; };
		47A3D6FF27D50CF1003DBEA5 /* FeedViewController.swift */ = {isa = PBXFileReference; lastKnownFileType = sourcecode.swift; path = FeedViewController.swift; sourceTree = "<group>"; };
		47A3D70127D524F4003DBEA5 /* NewPostViewController.swift */ = {isa = PBXFileReference; lastKnownFileType = sourcecode.swift; path = NewPostViewController.swift; sourceTree = "<group>"; };
		47A3D70527D54F3C003DBEA5 /* Post.swift */ = {isa = PBXFileReference; lastKnownFileType = sourcecode.swift; path = Post.swift; sourceTree = "<group>"; };
		47A3D70727D54F6F003DBEA5 /* User.swift */ = {isa = PBXFileReference; lastKnownFileType = sourcecode.swift; path = User.swift; sourceTree = "<group>"; };
		47A3D70B27D55A3A003DBEA5 /* PostsService.swift */ = {isa = PBXFileReference; lastKnownFileType = sourcecode.swift; path = PostsService.swift; sourceTree = "<group>"; };
		47A3D70D27D55BB3003DBEA5 /* Time.swift */ = {isa = PBXFileReference; lastKnownFileType = sourcecode.swift; path = Time.swift; sourceTree = "<group>"; };
		47A3D70F27D55BDD003DBEA5 /* PostFilter.swift */ = {isa = PBXFileReference; lastKnownFileType = sourcecode.swift; path = PostFilter.swift; sourceTree = "<group>"; };
		47A3D71127D57A6D003DBEA5 /* UserService.swift */ = {isa = PBXFileReference; lastKnownFileType = sourcecode.swift; path = UserService.swift; sourceTree = "<group>"; };
		47A3D71C27D5940D003DBEA5 /* UITextView+DoneButton.swift */ = {isa = PBXFileReference; fileEncoding = 4; lastKnownFileType = sourcecode.swift; path = "UITextView+DoneButton.swift"; sourceTree = "<group>"; };
		47A3D71E27D598B6003DBEA5 /* TabBarController.swift */ = {isa = PBXFileReference; lastKnownFileType = sourcecode.swift; path = TabBarController.swift; sourceTree = "<group>"; };
		47A3D72227D5A0D2003DBEA5 /* ProfileViewController.swift */ = {isa = PBXFileReference; lastKnownFileType = sourcecode.swift; path = ProfileViewController.swift; sourceTree = "<group>"; };
		47AE72A927F77B0B00A5E94C /* UsernameSettingViewController.swift */ = {isa = PBXFileReference; lastKnownFileType = sourcecode.swift; path = UsernameSettingViewController.swift; sourceTree = "<group>"; };
		47C1D49027DF00B200970B3D /* MoreViewController.swift */ = {isa = PBXFileReference; lastKnownFileType = sourcecode.swift; path = MoreViewController.swift; sourceTree = "<group>"; };
		47C2834D27DED77500A19128 /* FeedHeaderCell.swift */ = {isa = PBXFileReference; lastKnownFileType = sourcecode.swift; path = FeedHeaderCell.swift; sourceTree = "<group>"; };
		47C2834E27DED77500A19128 /* FeedHeaderCell.xib */ = {isa = PBXFileReference; lastKnownFileType = file.xib; path = FeedHeaderCell.xib; sourceTree = "<group>"; };
		47CBF6ED283556E600096514 /* SwiftyAttributes.xcframework */ = {isa = PBXFileReference; lastKnownFileType = wrapper.xcframework; name = SwiftyAttributes.xcframework; path = Carthage/Build/SwiftyAttributes.xcframework; sourceTree = "<group>"; };
		47CBF6F028356A7C00096514 /* FilterViewController.swift */ = {isa = PBXFileReference; lastKnownFileType = sourcecode.swift; path = FilterViewController.swift; sourceTree = "<group>"; };
		47CE900927E058090004B756 /* PinMapViewController.swift */ = {isa = PBXFileReference; lastKnownFileType = sourcecode.swift; path = PinMapViewController.swift; sourceTree = "<group>"; };
		47CE900B27E059DC0004B756 /* PinMapModalViewController.swift */ = {isa = PBXFileReference; lastKnownFileType = sourcecode.swift; path = PinMapModalViewController.swift; sourceTree = "<group>"; };
		47E2B1BC27FFC52900131B8D /* ShadowNavigationController.swift */ = {isa = PBXFileReference; lastKnownFileType = sourcecode.swift; path = ShadowNavigationController.swift; sourceTree = "<group>"; };
		47E2B1BE2800C1CD00131B8D /* UITextView+Placeholder.swift */ = {isa = PBXFileReference; lastKnownFileType = sourcecode.swift; path = "UITextView+Placeholder.swift"; sourceTree = "<group>"; };
		47E2B1C02800E9EB00131B8D /* MyCommentCell.swift */ = {isa = PBXFileReference; lastKnownFileType = sourcecode.swift; path = MyCommentCell.swift; sourceTree = "<group>"; };
		47E2B1C12800E9EB00131B8D /* MyCommentCell.xib */ = {isa = PBXFileReference; lastKnownFileType = file.xib; path = MyCommentCell.xib; sourceTree = "<group>"; };
		47E74E0827CA0FFE00467A0C /* mist-ios.app */ = {isa = PBXFileReference; explicitFileType = wrapper.application; includeInIndex = 0; path = "mist-ios.app"; sourceTree = BUILT_PRODUCTS_DIR; };
		47E74E0B27CA0FFE00467A0C /* AppDelegate.swift */ = {isa = PBXFileReference; lastKnownFileType = sourcecode.swift; path = AppDelegate.swift; sourceTree = "<group>"; };
		47E74E0D27CA0FFE00467A0C /* SceneDelegate.swift */ = {isa = PBXFileReference; lastKnownFileType = sourcecode.swift; path = SceneDelegate.swift; sourceTree = "<group>"; };
		47E74E1227CA0FFE00467A0C /* Base */ = {isa = PBXFileReference; lastKnownFileType = file.storyboard; name = Base; path = Base.lproj/Main.storyboard; sourceTree = "<group>"; };
		47E74E1427CA0FFF00467A0C /* Assets.xcassets */ = {isa = PBXFileReference; lastKnownFileType = folder.assetcatalog; path = Assets.xcassets; sourceTree = "<group>"; };
		47E74E1727CA0FFF00467A0C /* Base */ = {isa = PBXFileReference; lastKnownFileType = file.storyboard; name = Base; path = Base.lproj/Launch.storyboard; sourceTree = "<group>"; };
		47E74E1927CA0FFF00467A0C /* Info.plist */ = {isa = PBXFileReference; lastKnownFileType = text.plist.xml; path = Info.plist; sourceTree = "<group>"; };
		47E74E1E27CA100000467A0C /* mist-iosTests.xctest */ = {isa = PBXFileReference; explicitFileType = wrapper.cfbundle; includeInIndex = 0; path = "mist-iosTests.xctest"; sourceTree = BUILT_PRODUCTS_DIR; };
		47E74E2227CA100000467A0C /* mist_iosTests.swift */ = {isa = PBXFileReference; lastKnownFileType = sourcecode.swift; path = mist_iosTests.swift; sourceTree = "<group>"; };
		47E74E2827CA100000467A0C /* mist-iosUITests.xctest */ = {isa = PBXFileReference; explicitFileType = wrapper.cfbundle; includeInIndex = 0; path = "mist-iosUITests.xctest"; sourceTree = BUILT_PRODUCTS_DIR; };
		47E74E2C27CA100000467A0C /* mist_iosUITests.swift */ = {isa = PBXFileReference; lastKnownFileType = sourcecode.swift; path = mist_iosUITests.swift; sourceTree = "<group>"; };
		47E74E2E27CA100000467A0C /* mist_iosUITestsLaunchTests.swift */ = {isa = PBXFileReference; lastKnownFileType = sourcecode.swift; path = mist_iosUITestsLaunchTests.swift; sourceTree = "<group>"; };
		47EA3DFA27E0098F00381218 /* UINavigationController+Hairline.swift */ = {isa = PBXFileReference; lastKnownFileType = sourcecode.swift; path = "UINavigationController+Hairline.swift"; sourceTree = "<group>"; };
		47EA3DFF27E013EB00381218 /* PostAnnotation.swift */ = {isa = PBXFileReference; lastKnownFileType = sourcecode.swift; path = PostAnnotation.swift; sourceTree = "<group>"; };
		47EA3E0127E0151200381218 /* MapViewController.swift */ = {isa = PBXFileReference; lastKnownFileType = sourcecode.swift; path = MapViewController.swift; sourceTree = "<group>"; wrapsLines = 1; };
		47EE95F927F64C00003B351E /* SettingsViewController.swift */ = {isa = PBXFileReference; lastKnownFileType = sourcecode.swift; path = SettingsViewController.swift; sourceTree = "<group>"; };
		47F45FCC27FF51DF00F2187A /* PostView.swift */ = {isa = PBXFileReference; lastKnownFileType = sourcecode.swift; path = PostView.swift; sourceTree = "<group>"; };
		47F45FCE27FF51EB00F2187A /* PostView.xib */ = {isa = PBXFileReference; lastKnownFileType = file.xib; path = PostView.xib; sourceTree = "<group>"; };
		47F4EFD227E118DD00861F30 /* MapModalViewController.swift */ = {isa = PBXFileReference; lastKnownFileType = sourcecode.swift; path = MapModalViewController.swift; sourceTree = "<group>"; };
		47FF869727DB1F470076A1CA /* PostAPI.swift */ = {isa = PBXFileReference; fileEncoding = 4; lastKnownFileType = sourcecode.swift; path = PostAPI.swift; sourceTree = "<group>"; };
		47FF869C27DB87A70076A1CA /* UIImage+Thumbnail.swift */ = {isa = PBXFileReference; lastKnownFileType = sourcecode.swift; path = "UIImage+Thumbnail.swift"; sourceTree = "<group>"; };
		47FF86A027DC712F0076A1CA /* Comment.swift */ = {isa = PBXFileReference; lastKnownFileType = sourcecode.swift; path = Comment.swift; sourceTree = "<group>"; };
/* End PBXFileReference section */

/* Begin PBXFrameworksBuildPhase section */
		47E74E0527CA0FFE00467A0C /* Frameworks */ = {
			isa = PBXFrameworksBuildPhase;
			buildActionMask = 2147483647;
			files = (
				47CBF6EE283556E600096514 /* SwiftyAttributes.xcframework in Frameworks */,
				4316238228341F5F00169AA9 /* MessageKit in Frameworks */,
				473B5A262831C8B400BD1168 /* Starscream.xcframework in Frameworks */,
				473B5A222831C8B200BD1168 /* Alamofire.xcframework in Frameworks */,
			);
			runOnlyForDeploymentPostprocessing = 0;
		};
		47E74E1B27CA100000467A0C /* Frameworks */ = {
			isa = PBXFrameworksBuildPhase;
			buildActionMask = 2147483647;
			files = (
			);
			runOnlyForDeploymentPostprocessing = 0;
		};
		47E74E2527CA100000467A0C /* Frameworks */ = {
			isa = PBXFrameworksBuildPhase;
			buildActionMask = 2147483647;
			files = (
			);
			runOnlyForDeploymentPostprocessing = 0;
		};
/* End PBXFrameworksBuildPhase section */

/* Begin PBXGroup section */
		4369DB08282EC413009215D4 /* Socket */ = {
			isa = PBXGroup;
			children = (
				4369DB09282EC436009215D4 /* MessageThread.swift */,
			);
			path = Socket;
			sourceTree = "<group>";
		};
		43770C4927EE8BED00F31CCF /* Auth */ = {
			isa = PBXGroup;
			children = (
				43770C4A27EE8C0F00F31CCF /* LoginViewController.swift */,
				433970DE27FE501700876026 /* WelcomeTutorialViewController.swift */,
				4329571B27F4008300FA48A9 /* EnterEmailViewController.swift */,
				436EE80827F40CEA000D2887 /* ConfirmEmailViewController.swift */,
				43483BB128025179001C7C6A /* EnterUsernameViewController.swift */,
				43483BB32802519C001C7C6A /* EnterPasswordViewController.swift */,
				43483BB5280251B1001C7C6A /* EnterNameViewController.swift */,
				43E30CFD2826355C00DBEB57 /* EnterProfilePictureViewController.swift */,
				43E30D0128263E1200DBEB57 /* ImagePicker.swift */,
			);
			path = Auth;
			sourceTree = "<group>";
		};
		43E30CF82820AC8300DBEB57 /* APIs */ = {
			isa = PBXGroup;
			children = (
				43E30CF92820AC9900DBEB57 /* CommentAPITest.swift */,
				43E30CFB2820ACC600DBEB57 /* ProfileAPITest.swift */,
			);
			path = APIs;
			sourceTree = "<group>";
		};
		4700F8C427DE4641006C2E08 /* Explore */ = {
			isa = PBXGroup;
			children = (
				4700F8C527DE4652006C2E08 /* ExploreMapViewController.swift */,
				471F92CE28013F9B0079F8CA /* ExploreFeedViewController.swift */,
				470F271227DE6F5800C6DDAF /* LiveResultsTableViewController.swift */,
				470F271E27DE9ABE00C6DDAF /* ResultsFeedViewController.swift */,
				47CBF6F028356A7C00096514 /* FilterViewController.swift */,
			);
			path = Explore;
			sourceTree = "<group>";
		};
		470BD12D27DB1D8700DD4622 /* Storyboards */ = {
			isa = PBXGroup;
			children = (
				47E74E1127CA0FFE00467A0C /* Main.storyboard */,
				47E74E1627CA0FFF00467A0C /* Launch.storyboard */,
				479AA1F627DD0D3800EA0DFC /* Auth.storyboard */,
			);
			path = Storyboards;
			sourceTree = "<group>";
		};
		470BD12E27DB1D9A00DD4622 /* Xibs */ = {
			isa = PBXGroup;
			children = (
				479AA1EF27DCE9A700EA0DFC /* PostCell.xib */,
				47F45FCE27FF51EB00F2187A /* PostView.xib */,
				4700F8BD27DD807C006C2E08 /* CommentCell.xib */,
				47E2B1C12800E9EB00131B8D /* MyCommentCell.xib */,
				470F271727DE758100C6DDAF /* WordResultCell.xib */,
				470F271B27DE764F00C6DDAF /* UserResultCell.xib */,
				47C2834E27DED77500A19128 /* FeedHeaderCell.xib */,
			);
			path = Xibs;
			sourceTree = "<group>";
		};
		4726C6AF27CA1DE90093400C /* Enums */ = {
			isa = PBXGroup;
			children = (
				47A3D70F27D55BDD003DBEA5 /* PostFilter.swift */,
			);
			path = Enums;
			sourceTree = "<group>";
		};
		472DB0882832190000658DB5 /* Objective-C */ = {
			isa = PBXGroup;
			children = (
				47A260C328320648005D3707 /* mist-ios-Bridging-Header.h */,
				47A260C528320675005D3707 /* UISheetPresentationControllerDetent+Private.h */,
			);
			path = "Objective-C";
			sourceTree = "<group>";
		};
		473B5A202831C8B200BD1168 /* Frameworks */ = {
			isa = PBXGroup;
			children = (
				47CBF6ED283556E600096514 /* SwiftyAttributes.xcframework */,
				473B5A252831C8B400BD1168 /* Starscream.xcframework */,
				473B5A212831C8B200BD1168 /* Alamofire.xcframework */,
			);
			name = Frameworks;
			sourceTree = "<group>";
		};
		475B1F8927FB868300ED59CD /* Messages */ = {
			isa = PBXGroup;
			children = (
				475B1F8A27FB86C000ED59CD /* ConversationsViewController.swift */,
				47234BEC28063D9C0031D7A5 /* NewMessageViewController.swift */,
				477499882832D0CF0067C26C /* ChatViewController.swift */,
				4780E5B32832F0560012B741 /* SimpleChatViewController.swift */,
				477499862832CF540067C26C /* AutocompleteChatViewController.swift */,
			);
			path = Messages;
			sourceTree = "<group>";
		};
		477A6FD427DF86260020F864 /* Xibs */ = {
			isa = PBXGroup;
			children = (
				479AA1EE27DCE9A700EA0DFC /* PostCell.swift */,
				47F45FCC27FF51DF00F2187A /* PostView.swift */,
				4700F8BC27DD807C006C2E08 /* CommentCell.swift */,
				47E2B1C02800E9EB00131B8D /* MyCommentCell.swift */,
				470F271627DE758100C6DDAF /* WordResultCell.swift */,
				470F271A27DE764F00C6DDAF /* UserResultCell.swift */,
				47C2834D27DED77500A19128 /* FeedHeaderCell.swift */,
			);
			path = Xibs;
			sourceTree = "<group>";
		};
		479683F6282817F900CA23BA /* Annotations */ = {
			isa = PBXGroup;
			children = (
				47EA3DFF27E013EB00381218 /* PostAnnotation.swift */,
				479683F4282817CC00CA23BA /* PostMarkerAnnotationView.swift */,
				479683F928283ED700CA23BA /* MKClusterAnnotation+*.swift */,
				479683F72828180C00CA23BA /* ClusterAnnotationView.swift */,
			);
			path = Annotations;
			sourceTree = "<group>";
		};
		479AA1F927DD0EC000EA0DFC /* CustomViews */ = {
			isa = PBXGroup;
			children = (
				4746508427D83F3E0014217C /* MistUITextView.swift */,
				479AA1FA27DD0F0E00EA0DFC /* MistUILabel.swift */,
				479AA1FE27DD223600EA0DFC /* MistUITextField.swift */,
				479AA20027DD3F5500EA0DFC /* MistUIButton.swift */,
				474A5DA427F40606004215F9 /* RoundedImageView.swift */,
			);
			path = CustomViews;
			sourceTree = "<group>";
		};
		47A3D71B27D593F0003DBEA5 /* Extensions */ = {
			isa = PBXGroup;
			children = (
				479AA20227DD4AA900EA0DFC /* KUIViewController.swift */,
				47A3D71C27D5940D003DBEA5 /* UITextView+DoneButton.swift */,
				47FF869C27DB87A70076A1CA /* UIImage+Thumbnail.swift */,
				479AA1F427DCFFCB00EA0DFC /* UIVIew+TopBorder.swift */,
				47EA3DFA27E0098F00381218 /* UINavigationController+Hairline.swift */,
				474A5DA227F4042F004215F9 /* UIImageView+Inspectable.swift */,
				474A5DA927F40CB1004215F9 /* UISegmentedControl+Twitter.swift */,
				475B1F8C27FBAB2F00ED59CD /* UIView+Animations.swift */,
				475B1F8E27FBC2D400ED59CD /* UIView+Shadow.swift */,
				47266AD127FF5531005DEDB1 /* UIView+LoadFromNib.swift */,
				47266AD327FF69C9005DEDB1 /* UIViewController+Loading.swift */,
				47E2B1BE2800C1CD00131B8D /* UITextView+Placeholder.swift */,
				479683F22826494100CA23BA /* UIColor+Theme.swift */,
			);
			path = Extensions;
			sourceTree = "<group>";
		};
		47AE72A827F77AF400A5E94C /* Settings */ = {
			isa = PBXGroup;
			children = (
				47EE95F927F64C00003B351E /* SettingsViewController.swift */,
				47AE72A927F77B0B00A5E94C /* UsernameSettingViewController.swift */,
			);
			path = Settings;
			sourceTree = "<group>";
		};
		47E74DFF27CA0FFE00467A0C = {
			isa = PBXGroup;
			children = (
				473CAF812832A6EB008D8807 /* mist-ios.xcconfig */,
				47E74E0A27CA0FFE00467A0C /* mist-ios */,
				47E74E3E27CA14CE00467A0C /* Supporting Files */,
				47E74E2127CA100000467A0C /* mist-iosTests */,
				47E74E2B27CA100000467A0C /* mist-iosUITests */,
				47E74E0927CA0FFE00467A0C /* Products */,
				473B5A202831C8B200BD1168 /* Frameworks */,
			);
			sourceTree = "<group>";
		};
		47E74E0927CA0FFE00467A0C /* Products */ = {
			isa = PBXGroup;
			children = (
				47E74E0827CA0FFE00467A0C /* mist-ios.app */,
				47E74E1E27CA100000467A0C /* mist-iosTests.xctest */,
				47E74E2827CA100000467A0C /* mist-iosUITests.xctest */,
			);
			name = Products;
			sourceTree = "<group>";
		};
		47E74E0A27CA0FFE00467A0C /* mist-ios */ = {
			isa = PBXGroup;
			children = (
				47E74E1927CA0FFF00467A0C /* Info.plist */,
				47E74E3B27CA14B800467A0C /* Model */,
				47E74E3C27CA14BF00467A0C /* View */,
				47E74E3D27CA14C600467A0C /* Controller */,
			);
			path = "mist-ios";
			sourceTree = "<group>";
		};
		47E74E2127CA100000467A0C /* mist-iosTests */ = {
			isa = PBXGroup;
			children = (
				43E30CF82820AC8300DBEB57 /* APIs */,
				43770C3D27EE819300F31CCF /* apiTests */,
				47E74E2227CA100000467A0C /* mist_iosTests.swift */,
			);
			path = "mist-iosTests";
			sourceTree = "<group>";
		};
		47E74E2B27CA100000467A0C /* mist-iosUITests */ = {
			isa = PBXGroup;
			children = (
				47E74E2C27CA100000467A0C /* mist_iosUITests.swift */,
				47E74E2E27CA100000467A0C /* mist_iosUITestsLaunchTests.swift */,
			);
			path = "mist-iosUITests";
			sourceTree = "<group>";
		};
		47E74E3B27CA14B800467A0C /* Model */ = {
			isa = PBXGroup;
			children = (
				4700F8B827DD7BE3006C2E08 /* Flag.swift */,
				4700F8B927DD7BE3006C2E08 /* Vote.swift */,
				47A3D70527D54F3C003DBEA5 /* Post.swift */,
				47A3D70B27D55A3A003DBEA5 /* PostsService.swift */,
				47A3D70727D54F6F003DBEA5 /* User.swift */,
				47A3D71127D57A6D003DBEA5 /* UserService.swift */,
				47FF86A027DC712F0076A1CA /* Comment.swift */,
				439E44F527DFB76200E244D6 /* Profile.swift */,
				439E44F927DFE20600E244D6 /* Word.swift */,
				4369DB0B282EC465009215D4 /* Message.swift */,
				4780E5B728330C570012B741 /* MessageKitUser.swift */,
				4780E5B5283308250012B741 /* MessageKitMessage.swift */,
			);
			path = Model;
			sourceTree = "<group>";
		};
		47E74E3C27CA14BF00467A0C /* View */ = {
			isa = PBXGroup;
			children = (
				479AA1F927DD0EC000EA0DFC /* CustomViews */,
				470BD12E27DB1D9A00DD4622 /* Xibs */,
				470BD12D27DB1D8700DD4622 /* Storyboards */,
				47E74E1427CA0FFF00467A0C /* Assets.xcassets */,
			);
			path = View;
			sourceTree = "<group>";
		};
		47E74E3D27CA14C600467A0C /* Controller */ = {
			isa = PBXGroup;
			children = (
				4316238328343D3F00169AA9 /* SheetViewController.swift */,
				47E2B1BC27FFC52900131B8D /* ShadowNavigationController.swift */,
				47A3D71E27D598B6003DBEA5 /* TabBarController.swift */,
				4316238B2834F8A600169AA9 /* SpecialTabBarController.swift */,
				43A05BDC2835008B0085A99B /* SpecialTabBar.swift */,
				43770C4927EE8BED00F31CCF /* Auth */,
				475B1F8927FB868300ED59CD /* Messages */,
				47F4EFD127E10C1300861F30 /* Post */,
				47EA3DFE27E013DD00381218 /* Map */,
				477A6FD427DF86260020F864 /* Xibs */,
				4700F8C427DE4641006C2E08 /* Explore */,
				47FF86A427DC76000076A1CA /* NewPost */,
				47FF86A327DC75F00076A1CA /* Account */,
				47FF86A227DC75DB0076A1CA /* Feed */,
			);
			path = Controller;
			sourceTree = "<group>";
		};
		47E74E3E27CA14CE00467A0C /* Supporting Files */ = {
			isa = PBXGroup;
			children = (
				47E74E0B27CA0FFE00467A0C /* AppDelegate.swift */,
				47E74E0D27CA0FFE00467A0C /* SceneDelegate.swift */,
				472DB0882832190000658DB5 /* Objective-C */,
				4369DB08282EC413009215D4 /* Socket */,
				47A3D71B27D593F0003DBEA5 /* Extensions */,
				4726C6AF27CA1DE90093400C /* Enums */,
				47E74E4027CA152800467A0C /* Utils */,
				47E74E3F27CA152100467A0C /* APIs */,
			);
			path = "Supporting Files";
			sourceTree = "<group>";
		};
		47E74E3F27CA152100467A0C /* APIs */ = {
			isa = PBXGroup;
			children = (
				4700F8B227DD7BB9006C2E08 /* BasicAPI.swift */,
				4700F8B127DD7BB9006C2E08 /* CommentAPI.swift */,
				4700F8B027DD7BB9006C2E08 /* FlagAPI.swift */,
				4700F8B327DD7BB9006C2E08 /* VoteAPI.swift */,
				47FF869727DB1F470076A1CA /* PostAPI.swift */,
				439E44F327DFB71300E244D6 /* ProfileAPI.swift */,
				439E44F727DFE11F00E244D6 /* WordAPI.swift */,
				439E44FB27E01D4900E244D6 /* AuthAPI.swift */,
			);
			path = APIs;
			sourceTree = "<group>";
		};
		47E74E4027CA152800467A0C /* Utils */ = {
			isa = PBXGroup;
			children = (
				479AA1FC27DD109F00EA0DFC /* Constants.swift */,
				47A3D70D27D55BB3003DBEA5 /* Time.swift */,
				477A6FD527DFB0450020F864 /* Color.swift */,
			);
			path = Utils;
			sourceTree = "<group>";
		};
		47EA3DFE27E013DD00381218 /* Map */ = {
			isa = PBXGroup;
			children = (
				479683F6282817F900CA23BA /* Annotations */,
				47EA3E0127E0151200381218 /* MapViewController.swift */,
				47F4EFD227E118DD00861F30 /* MapModalViewController.swift */,
				47CE900927E058090004B756 /* PinMapViewController.swift */,
				47CE900B27E059DC0004B756 /* PinMapModalViewController.swift */,
			);
			path = Map;
			sourceTree = "<group>";
		};
		47F4EFD127E10C1300861F30 /* Post */ = {
			isa = PBXGroup;
			children = (
				479AA1F227DCF2BD00EA0DFC /* PostViewController.swift */,
				4700F8C227DE1EA6006C2E08 /* SortByViewController.swift */,
				47C1D49027DF00B200970B3D /* MoreViewController.swift */,
			);
			path = Post;
			sourceTree = "<group>";
		};
		47FF86A227DC75DB0076A1CA /* Feed */ = {
			isa = PBXGroup;
			children = (
				47A3D6FF27D50CF1003DBEA5 /* FeedViewController.swift */,
			);
			path = Feed;
			sourceTree = "<group>";
		};
		47FF86A327DC75F00076A1CA /* Account */ = {
			isa = PBXGroup;
			children = (
				471F92D0280159430079F8CA /* SegmentedControlCell.swift */,
				47A3D72227D5A0D2003DBEA5 /* ProfileViewController.swift */,
				474A5DA727F4079D004215F9 /* MyProfileViewController.swift */,
				47AE72A827F77AF400A5E94C /* Settings */,
			);
			path = Account;
			sourceTree = "<group>";
		};
		47FF86A427DC76000076A1CA /* NewPost */ = {
			isa = PBXGroup;
			children = (
				4746508627D8735B0014217C /* RulesViewController.swift */,
				47A3D70127D524F4003DBEA5 /* NewPostViewController.swift */,
			);
			path = NewPost;
			sourceTree = "<group>";
		};
/* End PBXGroup section */

/* Begin PBXNativeTarget section */
		47E74E0727CA0FFE00467A0C /* mist-ios */ = {
			isa = PBXNativeTarget;
			buildConfigurationList = 47E74E3227CA100000467A0C /* Build configuration list for PBXNativeTarget "mist-ios" */;
			buildPhases = (
				47E74E0427CA0FFE00467A0C /* Sources */,
				47E74E0527CA0FFE00467A0C /* Frameworks */,
				47E74E0627CA0FFE00467A0C /* Resources */,
				473B5A242831C8B200BD1168 /* Embed Frameworks */,
			);
			buildRules = (
			);
			dependencies = (
			);
			name = "mist-ios";
			packageProductDependencies = (
				4316238128341F5F00169AA9 /* MessageKit */,
			);
			productName = "mist-ios";
			productReference = 47E74E0827CA0FFE00467A0C /* mist-ios.app */;
			productType = "com.apple.product-type.application";
		};
		47E74E1D27CA100000467A0C /* mist-iosTests */ = {
			isa = PBXNativeTarget;
			buildConfigurationList = 47E74E3527CA100000467A0C /* Build configuration list for PBXNativeTarget "mist-iosTests" */;
			buildPhases = (
				47E74E1A27CA100000467A0C /* Sources */,
				47E74E1B27CA100000467A0C /* Frameworks */,
				47E74E1C27CA100000467A0C /* Resources */,
			);
			buildRules = (
			);
			dependencies = (
				47E74E2027CA100000467A0C /* PBXTargetDependency */,
			);
			name = "mist-iosTests";
			productName = "mist-iosTests";
			productReference = 47E74E1E27CA100000467A0C /* mist-iosTests.xctest */;
			productType = "com.apple.product-type.bundle.unit-test";
		};
		47E74E2727CA100000467A0C /* mist-iosUITests */ = {
			isa = PBXNativeTarget;
			buildConfigurationList = 47E74E3827CA100000467A0C /* Build configuration list for PBXNativeTarget "mist-iosUITests" */;
			buildPhases = (
				47E74E2427CA100000467A0C /* Sources */,
				47E74E2527CA100000467A0C /* Frameworks */,
				47E74E2627CA100000467A0C /* Resources */,
			);
			buildRules = (
			);
			dependencies = (
				47E74E2A27CA100000467A0C /* PBXTargetDependency */,
			);
			name = "mist-iosUITests";
			productName = "mist-iosUITests";
			productReference = 47E74E2827CA100000467A0C /* mist-iosUITests.xctest */;
			productType = "com.apple.product-type.bundle.ui-testing";
		};
/* End PBXNativeTarget section */

/* Begin PBXProject section */
		47E74E0027CA0FFE00467A0C /* Project object */ = {
			isa = PBXProject;
			attributes = {
				BuildIndependentTargetsInParallel = 1;
				LastSwiftUpdateCheck = 1320;
				LastUpgradeCheck = 1320;
				TargetAttributes = {
					47E74E0727CA0FFE00467A0C = {
						CreatedOnToolsVersion = 13.2.1;
						LastSwiftMigration = 1330;
					};
					47E74E1D27CA100000467A0C = {
						CreatedOnToolsVersion = 13.2.1;
						TestTargetID = 47E74E0727CA0FFE00467A0C;
					};
					47E74E2727CA100000467A0C = {
						CreatedOnToolsVersion = 13.2.1;
						TestTargetID = 47E74E0727CA0FFE00467A0C;
					};
				};
			};
			buildConfigurationList = 47E74E0327CA0FFE00467A0C /* Build configuration list for PBXProject "mist-ios" */;
			compatibilityVersion = "Xcode 13.0";
			developmentRegion = en;
			hasScannedForEncodings = 0;
			knownRegions = (
				en,
				Base,
			);
			mainGroup = 47E74DFF27CA0FFE00467A0C;
			packageReferences = (
				4316238028341F5F00169AA9 /* XCRemoteSwiftPackageReference "MessageKit" */,
			);
			productRefGroup = 47E74E0927CA0FFE00467A0C /* Products */;
			projectDirPath = "";
			projectRoot = "";
			targets = (
				47E74E0727CA0FFE00467A0C /* mist-ios */,
				47E74E1D27CA100000467A0C /* mist-iosTests */,
				47E74E2727CA100000467A0C /* mist-iosUITests */,
			);
		};
/* End PBXProject section */

/* Begin PBXResourcesBuildPhase section */
		47E74E0627CA0FFE00467A0C /* Resources */ = {
			isa = PBXResourcesBuildPhase;
			buildActionMask = 2147483647;
			files = (
				47C2835027DED77500A19128 /* FeedHeaderCell.xib in Resources */,
				47E74E1827CA0FFF00467A0C /* Launch.storyboard in Resources */,
				47F45FCF27FF51EB00F2187A /* PostView.xib in Resources */,
				47E74E1527CA0FFF00467A0C /* Assets.xcassets in Resources */,
				479AA1F727DD0D3800EA0DFC /* Auth.storyboard in Resources */,
				470F271927DE758100C6DDAF /* WordResultCell.xib in Resources */,
				4700F8BF27DD807C006C2E08 /* CommentCell.xib in Resources */,
				47E2B1C32800E9EB00131B8D /* MyCommentCell.xib in Resources */,
				470F271D27DE764F00C6DDAF /* UserResultCell.xib in Resources */,
				47E74E1327CA0FFE00467A0C /* Main.storyboard in Resources */,
				479AA1F127DCE9A700EA0DFC /* PostCell.xib in Resources */,
			);
			runOnlyForDeploymentPostprocessing = 0;
		};
		47E74E1C27CA100000467A0C /* Resources */ = {
			isa = PBXResourcesBuildPhase;
			buildActionMask = 2147483647;
			files = (
				43770C3E27EE819300F31CCF /* apiTests in Resources */,
			);
			runOnlyForDeploymentPostprocessing = 0;
		};
		47E74E2627CA100000467A0C /* Resources */ = {
			isa = PBXResourcesBuildPhase;
			buildActionMask = 2147483647;
			files = (
			);
			runOnlyForDeploymentPostprocessing = 0;
		};
/* End PBXResourcesBuildPhase section */

/* Begin PBXSourcesBuildPhase section */
		47E74E0427CA0FFE00467A0C /* Sources */ = {
			isa = PBXSourcesBuildPhase;
			buildActionMask = 2147483647;
			files = (
				479AA1F527DCFFCB00EA0DFC /* UIVIew+TopBorder.swift in Sources */,
				47A3D71027D55BDD003DBEA5 /* PostFilter.swift in Sources */,
				474A5DA327F4042F004215F9 /* UIImageView+Inspectable.swift in Sources */,
				43E30D0228263E1200DBEB57 /* ImagePicker.swift in Sources */,
				47FF869827DB1F470076A1CA /* PostAPI.swift in Sources */,
				47E2B1C22800E9EB00131B8D /* MyCommentCell.swift in Sources */,
				439E44FC27E01D4900E244D6 /* AuthAPI.swift in Sources */,
				47A3D71F27D598B6003DBEA5 /* TabBarController.swift in Sources */,
				479AA1FF27DD223600EA0DFC /* MistUITextField.swift in Sources */,
				470F271C27DE764F00C6DDAF /* UserResultCell.swift in Sources */,
				4746508727D8735B0014217C /* RulesViewController.swift in Sources */,
				479AA20327DD4AA900EA0DFC /* KUIViewController.swift in Sources */,
				470F271827DE758100C6DDAF /* WordResultCell.swift in Sources */,
				4316238C2834F8A600169AA9 /* SpecialTabBarController.swift in Sources */,
				47E74E0C27CA0FFE00467A0C /* AppDelegate.swift in Sources */,
				474A5DA527F40606004215F9 /* RoundedImageView.swift in Sources */,
				4780E5B42832F0560012B741 /* SimpleChatViewController.swift in Sources */,
				4700F8BE27DD807C006C2E08 /* CommentCell.swift in Sources */,
				47A3D72327D5A0D2003DBEA5 /* ProfileViewController.swift in Sources */,
				4700F8BB27DD7BE3006C2E08 /* Vote.swift in Sources */,
				47E2B1BD27FFC52900131B8D /* ShadowNavigationController.swift in Sources */,
				47E74E0E27CA0FFE00467A0C /* SceneDelegate.swift in Sources */,
				47E2B1BF2800C1CD00131B8D /* UITextView+Placeholder.swift in Sources */,
				479683FA28283ED700CA23BA /* MKClusterAnnotation+*.swift in Sources */,
				47FF86A127DC712F0076A1CA /* Comment.swift in Sources */,
				47EA3E0227E0151200381218 /* MapViewController.swift in Sources */,
				43483BB228025179001C7C6A /* EnterUsernameViewController.swift in Sources */,
				439E44F627DFB76200E244D6 /* Profile.swift in Sources */,
				479683F32826494100CA23BA /* UIColor+Theme.swift in Sources */,
				479AA1F327DCF2BD00EA0DFC /* PostViewController.swift in Sources */,
				471F92CF28013F9B0079F8CA /* ExploreFeedViewController.swift in Sources */,
				43A05BDD2835008B0085A99B /* SpecialTabBar.swift in Sources */,
				47EE95FA27F64C00003B351E /* SettingsViewController.swift in Sources */,
				43E30CFE2826355C00DBEB57 /* EnterProfilePictureViewController.swift in Sources */,
				47266AD427FF69C9005DEDB1 /* UIViewController+Loading.swift in Sources */,
				47AE72AA27F77B0B00A5E94C /* UsernameSettingViewController.swift in Sources */,
				47A3D70C27D55A3A003DBEA5 /* PostsService.swift in Sources */,
				47A3D71D27D5940D003DBEA5 /* UITextView+DoneButton.swift in Sources */,
				47CE900A27E058090004B756 /* PinMapViewController.swift in Sources */,
				47C2834F27DED77500A19128 /* FeedHeaderCell.swift in Sources */,
				470F271327DE6F5800C6DDAF /* LiveResultsTableViewController.swift in Sources */,
				4369DB0C282EC465009215D4 /* Message.swift in Sources */,
				47C1D49127DF00B200970B3D /* MoreViewController.swift in Sources */,
				47FF869D27DB87A70076A1CA /* UIImage+Thumbnail.swift in Sources */,
				4780E5B6283308250012B741 /* MessageKitMessage.swift in Sources */,
				47266AD227FF5531005DEDB1 /* UIView+LoadFromNib.swift in Sources */,
				4700F8B427DD7BBA006C2E08 /* FlagAPI.swift in Sources */,
				479AA1FB27DD0F0E00EA0DFC /* MistUILabel.swift in Sources */,
				439E44F827DFE11F00E244D6 /* WordAPI.swift in Sources */,
				47A3D70627D54F3C003DBEA5 /* Post.swift in Sources */,
				439E44FA27DFE20600E244D6 /* Word.swift in Sources */,
				4700F8B627DD7BBA006C2E08 /* BasicAPI.swift in Sources */,
				471F92D1280159430079F8CA /* SegmentedControlCell.swift in Sources */,
				477A6FD627DFB0450020F864 /* Color.swift in Sources */,
				4316238428343D3F00169AA9 /* SheetViewController.swift in Sources */,
				47234BED28063D9C0031D7A5 /* NewMessageViewController.swift in Sources */,
				47A3D71227D57A6D003DBEA5 /* UserService.swift in Sources */,
				475B1F8F27FBC2D400ED59CD /* UIView+Shadow.swift in Sources */,
				475B1F8D27FBAB2F00ED59CD /* UIView+Animations.swift in Sources */,
				47CE900C27E059DC0004B756 /* PinMapModalViewController.swift in Sources */,
				4746508527D83F3E0014217C /* MistUITextView.swift in Sources */,
				4780E5B828330C570012B741 /* MessageKitUser.swift in Sources */,
				433970DF27FE501700876026 /* WelcomeTutorialViewController.swift in Sources */,
				47F4EFD327E118DD00861F30 /* MapModalViewController.swift in Sources */,
				4700F8B527DD7BBA006C2E08 /* CommentAPI.swift in Sources */,
				4700F8C327DE1EA6006C2E08 /* SortByViewController.swift in Sources */,
				47A3D70227D524F4003DBEA5 /* NewPostViewController.swift in Sources */,
				474A5DAA27F40CB1004215F9 /* UISegmentedControl+Twitter.swift in Sources */,
				474A5DA827F4079D004215F9 /* MyProfileViewController.swift in Sources */,
				4700F8B727DD7BBA006C2E08 /* VoteAPI.swift in Sources */,
				436EE80927F40CEA000D2887 /* ConfirmEmailViewController.swift in Sources */,
				47A3D70E27D55BB3003DBEA5 /* Time.swift in Sources */,
				43770C4B27EE8C0F00F31CCF /* LoginViewController.swift in Sources */,
				479AA1F027DCE9A700EA0DFC /* PostCell.swift in Sources */,
				47A3D70027D50CF1003DBEA5 /* FeedViewController.swift in Sources */,
				43483BB42802519C001C7C6A /* EnterPasswordViewController.swift in Sources */,
				4329571C27F4008300FA48A9 /* EnterEmailViewController.swift in Sources */,
				47A3D70827D54F6F003DBEA5 /* User.swift in Sources */,
				47EA3DFB27E0098F00381218 /* UINavigationController+Hairline.swift in Sources */,
				439E44F427DFB71300E244D6 /* ProfileAPI.swift in Sources */,
				4700F8C627DE4652006C2E08 /* ExploreMapViewController.swift in Sources */,
				475B1F8B27FB86C000ED59CD /* ConversationsViewController.swift in Sources */,
				43483BB6280251B1001C7C6A /* EnterNameViewController.swift in Sources */,
				479683F82828180C00CA23BA /* ClusterAnnotationView.swift in Sources */,
				477499872832CF540067C26C /* AutocompleteChatViewController.swift in Sources */,
				479683F5282817CC00CA23BA /* PostMarkerAnnotationView.swift in Sources */,
				479AA20127DD3F5500EA0DFC /* MistUIButton.swift in Sources */,
				479AA1FD27DD109F00EA0DFC /* Constants.swift in Sources */,
				47EA3E0027E013EB00381218 /* PostAnnotation.swift in Sources */,
				47CBF6F128356A7C00096514 /* FilterViewController.swift in Sources */,
				4700F8BA27DD7BE3006C2E08 /* Flag.swift in Sources */,
				477499892832D0CF0067C26C /* ChatViewController.swift in Sources */,
				47F45FCD27FF51DF00F2187A /* PostView.swift in Sources */,
				470F271F27DE9ABE00C6DDAF /* ResultsFeedViewController.swift in Sources */,
				4369DB0A282EC436009215D4 /* MessageThread.swift in Sources */,
			);
			runOnlyForDeploymentPostprocessing = 0;
		};
		47E74E1A27CA100000467A0C /* Sources */ = {
			isa = PBXSourcesBuildPhase;
			buildActionMask = 2147483647;
			files = (
				43E30CFC2820ACC600DBEB57 /* ProfileAPITest.swift in Sources */,
				43E30CFA2820AC9900DBEB57 /* CommentAPITest.swift in Sources */,
				47E74E2327CA100000467A0C /* mist_iosTests.swift in Sources */,
			);
			runOnlyForDeploymentPostprocessing = 0;
		};
		47E74E2427CA100000467A0C /* Sources */ = {
			isa = PBXSourcesBuildPhase;
			buildActionMask = 2147483647;
			files = (
				47E74E2F27CA100000467A0C /* mist_iosUITestsLaunchTests.swift in Sources */,
				47E74E2D27CA100000467A0C /* mist_iosUITests.swift in Sources */,
			);
			runOnlyForDeploymentPostprocessing = 0;
		};
/* End PBXSourcesBuildPhase section */

/* Begin PBXTargetDependency section */
		47E74E2027CA100000467A0C /* PBXTargetDependency */ = {
			isa = PBXTargetDependency;
			target = 47E74E0727CA0FFE00467A0C /* mist-ios */;
			targetProxy = 47E74E1F27CA100000467A0C /* PBXContainerItemProxy */;
		};
		47E74E2A27CA100000467A0C /* PBXTargetDependency */ = {
			isa = PBXTargetDependency;
			target = 47E74E0727CA0FFE00467A0C /* mist-ios */;
			targetProxy = 47E74E2927CA100000467A0C /* PBXContainerItemProxy */;
		};
/* End PBXTargetDependency section */

/* Begin PBXVariantGroup section */
		47E74E1127CA0FFE00467A0C /* Main.storyboard */ = {
			isa = PBXVariantGroup;
			children = (
				47E74E1227CA0FFE00467A0C /* Base */,
			);
			name = Main.storyboard;
			sourceTree = "<group>";
		};
		47E74E1627CA0FFF00467A0C /* Launch.storyboard */ = {
			isa = PBXVariantGroup;
			children = (
				47E74E1727CA0FFF00467A0C /* Base */,
			);
			name = Launch.storyboard;
			sourceTree = "<group>";
		};
/* End PBXVariantGroup section */

/* Begin XCBuildConfiguration section */
		47E74E3027CA100000467A0C /* Debug */ = {
			isa = XCBuildConfiguration;
			baseConfigurationReference = 473CAF812832A6EB008D8807 /* mist-ios.xcconfig */;
			buildSettings = {
				ALWAYS_SEARCH_USER_PATHS = NO;
				CLANG_ANALYZER_NONNULL = YES;
				CLANG_ANALYZER_NUMBER_OBJECT_CONVERSION = YES_AGGRESSIVE;
				CLANG_CXX_LANGUAGE_STANDARD = "gnu++17";
				CLANG_CXX_LIBRARY = "libc++";
				CLANG_ENABLE_MODULES = YES;
				CLANG_ENABLE_OBJC_ARC = YES;
				CLANG_ENABLE_OBJC_WEAK = YES;
				CLANG_WARN_BLOCK_CAPTURE_AUTORELEASING = YES;
				CLANG_WARN_BOOL_CONVERSION = YES;
				CLANG_WARN_COMMA = YES;
				CLANG_WARN_CONSTANT_CONVERSION = YES;
				CLANG_WARN_DEPRECATED_OBJC_IMPLEMENTATIONS = YES;
				CLANG_WARN_DIRECT_OBJC_ISA_USAGE = YES_ERROR;
				CLANG_WARN_DOCUMENTATION_COMMENTS = YES;
				CLANG_WARN_EMPTY_BODY = YES;
				CLANG_WARN_ENUM_CONVERSION = YES;
				CLANG_WARN_INFINITE_RECURSION = YES;
				CLANG_WARN_INT_CONVERSION = YES;
				CLANG_WARN_NON_LITERAL_NULL_CONVERSION = YES;
				CLANG_WARN_OBJC_IMPLICIT_RETAIN_SELF = YES;
				CLANG_WARN_OBJC_LITERAL_CONVERSION = YES;
				CLANG_WARN_OBJC_ROOT_CLASS = YES_ERROR;
				CLANG_WARN_QUOTED_INCLUDE_IN_FRAMEWORK_HEADER = YES;
				CLANG_WARN_RANGE_LOOP_ANALYSIS = YES;
				CLANG_WARN_STRICT_PROTOTYPES = YES;
				CLANG_WARN_SUSPICIOUS_MOVE = YES;
				CLANG_WARN_UNGUARDED_AVAILABILITY = YES_AGGRESSIVE;
				CLANG_WARN_UNREACHABLE_CODE = YES;
				CLANG_WARN__DUPLICATE_METHOD_MATCH = YES;
				COPY_PHASE_STRIP = NO;
				DEBUG_INFORMATION_FORMAT = dwarf;
				ENABLE_STRICT_OBJC_MSGSEND = YES;
				ENABLE_TESTABILITY = YES;
				GCC_C_LANGUAGE_STANDARD = gnu11;
				GCC_DYNAMIC_NO_PIC = NO;
				GCC_NO_COMMON_BLOCKS = YES;
				GCC_OPTIMIZATION_LEVEL = 0;
				GCC_PREPROCESSOR_DEFINITIONS = (
					"DEBUG=1",
					"$(inherited)",
				);
				GCC_WARN_64_TO_32_BIT_CONVERSION = YES;
				GCC_WARN_ABOUT_RETURN_TYPE = YES_ERROR;
				GCC_WARN_UNDECLARED_SELECTOR = YES;
				GCC_WARN_UNINITIALIZED_AUTOS = YES_AGGRESSIVE;
				GCC_WARN_UNUSED_FUNCTION = YES;
				GCC_WARN_UNUSED_VARIABLE = YES;
				IPHONEOS_DEPLOYMENT_TARGET = 15.2;
				MTL_ENABLE_DEBUG_INFO = INCLUDE_SOURCE;
				MTL_FAST_MATH = YES;
				SDKROOT = iphoneos;
				SWIFT_ACTIVE_COMPILATION_CONDITIONS = DEBUG;
				SWIFT_OBJC_BRIDGING_HEADER = "/Users/adamvnovak/code/mist-ios/mist-ios/mist-ios-Bridging-Header.h";
				SWIFT_OPTIMIZATION_LEVEL = "-Onone";
			};
			name = Debug;
		};
		47E74E3127CA100000467A0C /* Release */ = {
			isa = XCBuildConfiguration;
			baseConfigurationReference = 473CAF812832A6EB008D8807 /* mist-ios.xcconfig */;
			buildSettings = {
				ALWAYS_SEARCH_USER_PATHS = NO;
				CLANG_ANALYZER_NONNULL = YES;
				CLANG_ANALYZER_NUMBER_OBJECT_CONVERSION = YES_AGGRESSIVE;
				CLANG_CXX_LANGUAGE_STANDARD = "gnu++17";
				CLANG_CXX_LIBRARY = "libc++";
				CLANG_ENABLE_MODULES = YES;
				CLANG_ENABLE_OBJC_ARC = YES;
				CLANG_ENABLE_OBJC_WEAK = YES;
				CLANG_WARN_BLOCK_CAPTURE_AUTORELEASING = YES;
				CLANG_WARN_BOOL_CONVERSION = YES;
				CLANG_WARN_COMMA = YES;
				CLANG_WARN_CONSTANT_CONVERSION = YES;
				CLANG_WARN_DEPRECATED_OBJC_IMPLEMENTATIONS = YES;
				CLANG_WARN_DIRECT_OBJC_ISA_USAGE = YES_ERROR;
				CLANG_WARN_DOCUMENTATION_COMMENTS = YES;
				CLANG_WARN_EMPTY_BODY = YES;
				CLANG_WARN_ENUM_CONVERSION = YES;
				CLANG_WARN_INFINITE_RECURSION = YES;
				CLANG_WARN_INT_CONVERSION = YES;
				CLANG_WARN_NON_LITERAL_NULL_CONVERSION = YES;
				CLANG_WARN_OBJC_IMPLICIT_RETAIN_SELF = YES;
				CLANG_WARN_OBJC_LITERAL_CONVERSION = YES;
				CLANG_WARN_OBJC_ROOT_CLASS = YES_ERROR;
				CLANG_WARN_QUOTED_INCLUDE_IN_FRAMEWORK_HEADER = YES;
				CLANG_WARN_RANGE_LOOP_ANALYSIS = YES;
				CLANG_WARN_STRICT_PROTOTYPES = YES;
				CLANG_WARN_SUSPICIOUS_MOVE = YES;
				CLANG_WARN_UNGUARDED_AVAILABILITY = YES_AGGRESSIVE;
				CLANG_WARN_UNREACHABLE_CODE = YES;
				CLANG_WARN__DUPLICATE_METHOD_MATCH = YES;
				COPY_PHASE_STRIP = NO;
				DEBUG_INFORMATION_FORMAT = "dwarf-with-dsym";
				ENABLE_NS_ASSERTIONS = NO;
				ENABLE_STRICT_OBJC_MSGSEND = YES;
				GCC_C_LANGUAGE_STANDARD = gnu11;
				GCC_NO_COMMON_BLOCKS = YES;
				GCC_WARN_64_TO_32_BIT_CONVERSION = YES;
				GCC_WARN_ABOUT_RETURN_TYPE = YES_ERROR;
				GCC_WARN_UNDECLARED_SELECTOR = YES;
				GCC_WARN_UNINITIALIZED_AUTOS = YES_AGGRESSIVE;
				GCC_WARN_UNUSED_FUNCTION = YES;
				GCC_WARN_UNUSED_VARIABLE = YES;
				IPHONEOS_DEPLOYMENT_TARGET = 15.2;
				MTL_ENABLE_DEBUG_INFO = NO;
				MTL_FAST_MATH = YES;
				ONLY_ACTIVE_ARCH = YES;
				SDKROOT = iphoneos;
				SWIFT_COMPILATION_MODE = wholemodule;
				SWIFT_OBJC_BRIDGING_HEADER = "/Users/adamvnovak/code/mist-ios/mist-ios/mist-ios-Bridging-Header.h";
				SWIFT_OPTIMIZATION_LEVEL = "-O";
				VALIDATE_PRODUCT = YES;
			};
			name = Release;
		};
		47E74E3327CA100000467A0C /* Debug */ = {
			isa = XCBuildConfiguration;
			buildSettings = {
				ALWAYS_EMBED_SWIFT_STANDARD_LIBRARIES = NO;
				ASSETCATALOG_COMPILER_APPICON_NAME = AppIcon;
				ASSETCATALOG_COMPILER_GLOBAL_ACCENT_COLOR_NAME = AccentColor;
				CLANG_ENABLE_MODULES = YES;
				CLANG_WARN__ARC_BRIDGE_CAST_NONARC = YES;
				CODE_SIGN_STYLE = Automatic;
				CURRENT_PROJECT_VERSION = 0.1;
				DEVELOPMENT_TEAM = 5JEM6D7V78;
				GENERATE_INFOPLIST_FILE = YES;
				INFOPLIST_FILE = "mist-ios/Info.plist";
				INFOPLIST_KEY_CFBundleDisplayName = Mist;
				INFOPLIST_KEY_NSCameraUsageDescription = "";
				INFOPLIST_KEY_NSContactsUsageDescription = "";
				INFOPLIST_KEY_NSLocationWhenInUseUsageDescription = meep;
				INFOPLIST_KEY_NSPhotoLibraryAddUsageDescription = "This app wants access to your photo library.";
				INFOPLIST_KEY_NSPhotoLibraryUsageDescription = "";
				INFOPLIST_KEY_UIApplicationSupportsIndirectInputEvents = YES;
				INFOPLIST_KEY_UILaunchStoryboardName = Launch;
				INFOPLIST_KEY_UIMainStoryboardFile = Main;
				INFOPLIST_KEY_UISupportedInterfaceOrientations = UIInterfaceOrientationPortrait;
				INFOPLIST_KEY_UISupportedInterfaceOrientations_iPad = "UIInterfaceOrientationPortrait UIInterfaceOrientationPortraitUpsideDown UIInterfaceOrientationLandscapeLeft UIInterfaceOrientationLandscapeRight";
				INFOPLIST_KEY_UISupportedInterfaceOrientations_iPhone = "UIInterfaceOrientationPortrait UIInterfaceOrientationLandscapeLeft UIInterfaceOrientationLandscapeRight";
				INFOPLIST_KEY_UIUserInterfaceStyle = Light;
				IPHONEOS_DEPLOYMENT_TARGET = 15.0;
				LD_RUNPATH_SEARCH_PATHS = (
					"$(inherited)",
					"@executable_path/Frameworks",
				);
				MARKETING_VERSION = 0.1;
				ONLY_ACTIVE_ARCH = YES;
				PRODUCT_BUNDLE_IDENTIFIER = "app.getmist.mist-ios";
				PRODUCT_NAME = "$(TARGET_NAME)";
				SWIFT_EMIT_LOC_STRINGS = YES;
				SWIFT_INSTALL_OBJC_HEADER = YES;
				SWIFT_OBJC_BRIDGING_HEADER = "Supporting Files/Objective-C/mist-ios-Bridging-Header.h";
				SWIFT_OPTIMIZATION_LEVEL = "-Onone";
				SWIFT_VERSION = 5.0;
				TARGETED_DEVICE_FAMILY = 1;
			};
			name = Debug;
		};
		47E74E3427CA100000467A0C /* Release */ = {
			isa = XCBuildConfiguration;
			buildSettings = {
				ALWAYS_EMBED_SWIFT_STANDARD_LIBRARIES = NO;
				ASSETCATALOG_COMPILER_APPICON_NAME = AppIcon;
				ASSETCATALOG_COMPILER_GLOBAL_ACCENT_COLOR_NAME = AccentColor;
				CLANG_ENABLE_MODULES = YES;
				CLANG_WARN__ARC_BRIDGE_CAST_NONARC = YES;
				CODE_SIGN_STYLE = Automatic;
				CURRENT_PROJECT_VERSION = 0.1;
				DEVELOPMENT_TEAM = 5JEM6D7V78;
				GENERATE_INFOPLIST_FILE = YES;
				INFOPLIST_FILE = "mist-ios/Info.plist";
				INFOPLIST_KEY_CFBundleDisplayName = Mist;
				INFOPLIST_KEY_NSCameraUsageDescription = "";
				INFOPLIST_KEY_NSContactsUsageDescription = "";
				INFOPLIST_KEY_NSLocationWhenInUseUsageDescription = meep;
				INFOPLIST_KEY_NSPhotoLibraryAddUsageDescription = "This app wants access to your photo library.";
				INFOPLIST_KEY_NSPhotoLibraryUsageDescription = "";
				INFOPLIST_KEY_UIApplicationSupportsIndirectInputEvents = YES;
				INFOPLIST_KEY_UILaunchStoryboardName = Launch;
				INFOPLIST_KEY_UIMainStoryboardFile = Main;
				INFOPLIST_KEY_UISupportedInterfaceOrientations = UIInterfaceOrientationPortrait;
				INFOPLIST_KEY_UISupportedInterfaceOrientations_iPad = "UIInterfaceOrientationPortrait UIInterfaceOrientationPortraitUpsideDown UIInterfaceOrientationLandscapeLeft UIInterfaceOrientationLandscapeRight";
				INFOPLIST_KEY_UISupportedInterfaceOrientations_iPhone = "UIInterfaceOrientationPortrait UIInterfaceOrientationLandscapeLeft UIInterfaceOrientationLandscapeRight";
				INFOPLIST_KEY_UIUserInterfaceStyle = Light;
				IPHONEOS_DEPLOYMENT_TARGET = 15.0;
				LD_RUNPATH_SEARCH_PATHS = (
					"$(inherited)",
					"@executable_path/Frameworks",
				);
				MARKETING_VERSION = 0.1;
				PRODUCT_BUNDLE_IDENTIFIER = "app.getmist.mist-ios";
				PRODUCT_NAME = "$(TARGET_NAME)";
				SWIFT_EMIT_LOC_STRINGS = YES;
				SWIFT_INSTALL_OBJC_HEADER = YES;
				SWIFT_OBJC_BRIDGING_HEADER = "Supporting Files/Objective-C/mist-ios-Bridging-Header.h";
				SWIFT_VERSION = 5.0;
				TARGETED_DEVICE_FAMILY = 1;
			};
			name = Release;
		};
		47E74E3627CA100000467A0C /* Debug */ = {
			isa = XCBuildConfiguration;
			buildSettings = {
				ALWAYS_EMBED_SWIFT_STANDARD_LIBRARIES = YES;
				BUNDLE_LOADER = "$(TEST_HOST)";
				CODE_SIGN_STYLE = Automatic;
				CURRENT_PROJECT_VERSION = 1;
				DEVELOPMENT_TEAM = 5JEM6D7V78;
				GENERATE_INFOPLIST_FILE = YES;
				IPHONEOS_DEPLOYMENT_TARGET = 15.2;
				MARKETING_VERSION = 1.0;
				PRODUCT_BUNDLE_IDENTIFIER = "com.mist.mist-iosTests";
				PRODUCT_NAME = "$(TARGET_NAME)";
				SWIFT_EMIT_LOC_STRINGS = NO;
				SWIFT_VERSION = 5.0;
				TARGETED_DEVICE_FAMILY = "1,2";
				TEST_HOST = "$(BUILT_PRODUCTS_DIR)/mist-ios.app/mist-ios";
			};
			name = Debug;
		};
		47E74E3727CA100000467A0C /* Release */ = {
			isa = XCBuildConfiguration;
			buildSettings = {
				ALWAYS_EMBED_SWIFT_STANDARD_LIBRARIES = YES;
				BUNDLE_LOADER = "$(TEST_HOST)";
				CODE_SIGN_STYLE = Automatic;
				CURRENT_PROJECT_VERSION = 1;
				DEVELOPMENT_TEAM = 5JEM6D7V78;
				GENERATE_INFOPLIST_FILE = YES;
				IPHONEOS_DEPLOYMENT_TARGET = 15.2;
				MARKETING_VERSION = 1.0;
				PRODUCT_BUNDLE_IDENTIFIER = "com.mist.mist-iosTests";
				PRODUCT_NAME = "$(TARGET_NAME)";
				SWIFT_EMIT_LOC_STRINGS = NO;
				SWIFT_VERSION = 5.0;
				TARGETED_DEVICE_FAMILY = "1,2";
				TEST_HOST = "$(BUILT_PRODUCTS_DIR)/mist-ios.app/mist-ios";
			};
			name = Release;
		};
		47E74E3927CA100000467A0C /* Debug */ = {
			isa = XCBuildConfiguration;
			buildSettings = {
				ALWAYS_EMBED_SWIFT_STANDARD_LIBRARIES = YES;
				CODE_SIGN_STYLE = Automatic;
				CURRENT_PROJECT_VERSION = 1;
				GENERATE_INFOPLIST_FILE = YES;
				MARKETING_VERSION = 1.0;
				PRODUCT_BUNDLE_IDENTIFIER = "com.mist.mist-iosUITests";
				PRODUCT_NAME = "$(TARGET_NAME)";
				SWIFT_EMIT_LOC_STRINGS = NO;
				SWIFT_VERSION = 5.0;
				TARGETED_DEVICE_FAMILY = "1,2";
				TEST_TARGET_NAME = "mist-ios";
			};
			name = Debug;
		};
		47E74E3A27CA100000467A0C /* Release */ = {
			isa = XCBuildConfiguration;
			buildSettings = {
				ALWAYS_EMBED_SWIFT_STANDARD_LIBRARIES = YES;
				CODE_SIGN_STYLE = Automatic;
				CURRENT_PROJECT_VERSION = 1;
				GENERATE_INFOPLIST_FILE = YES;
				MARKETING_VERSION = 1.0;
				PRODUCT_BUNDLE_IDENTIFIER = "com.mist.mist-iosUITests";
				PRODUCT_NAME = "$(TARGET_NAME)";
				SWIFT_EMIT_LOC_STRINGS = NO;
				SWIFT_VERSION = 5.0;
				TARGETED_DEVICE_FAMILY = "1,2";
				TEST_TARGET_NAME = "mist-ios";
			};
			name = Release;
		};
/* End XCBuildConfiguration section */

/* Begin XCConfigurationList section */
		47E74E0327CA0FFE00467A0C /* Build configuration list for PBXProject "mist-ios" */ = {
			isa = XCConfigurationList;
			buildConfigurations = (
				47E74E3027CA100000467A0C /* Debug */,
				47E74E3127CA100000467A0C /* Release */,
			);
			defaultConfigurationIsVisible = 0;
			defaultConfigurationName = Release;
		};
		47E74E3227CA100000467A0C /* Build configuration list for PBXNativeTarget "mist-ios" */ = {
			isa = XCConfigurationList;
			buildConfigurations = (
				47E74E3327CA100000467A0C /* Debug */,
				47E74E3427CA100000467A0C /* Release */,
			);
			defaultConfigurationIsVisible = 0;
			defaultConfigurationName = Release;
		};
		47E74E3527CA100000467A0C /* Build configuration list for PBXNativeTarget "mist-iosTests" */ = {
			isa = XCConfigurationList;
			buildConfigurations = (
				47E74E3627CA100000467A0C /* Debug */,
				47E74E3727CA100000467A0C /* Release */,
			);
			defaultConfigurationIsVisible = 0;
			defaultConfigurationName = Release;
		};
		47E74E3827CA100000467A0C /* Build configuration list for PBXNativeTarget "mist-iosUITests" */ = {
			isa = XCConfigurationList;
			buildConfigurations = (
				47E74E3927CA100000467A0C /* Debug */,
				47E74E3A27CA100000467A0C /* Release */,
			);
			defaultConfigurationIsVisible = 0;
			defaultConfigurationName = Release;
		};
/* End XCConfigurationList section */

/* Begin XCRemoteSwiftPackageReference section */
		4316238028341F5F00169AA9 /* XCRemoteSwiftPackageReference "MessageKit" */ = {
			isa = XCRemoteSwiftPackageReference;
			repositoryURL = "https://github.com/MessageKit/MessageKit";
			requirement = {
				kind = upToNextMajorVersion;
				minimumVersion = 3.0.0;
			};
		};
/* End XCRemoteSwiftPackageReference section */

/* Begin XCSwiftPackageProductDependency section */
		4316238128341F5F00169AA9 /* MessageKit */ = {
			isa = XCSwiftPackageProductDependency;
			package = 4316238028341F5F00169AA9 /* XCRemoteSwiftPackageReference "MessageKit" */;
			productName = MessageKit;
		};
/* End XCSwiftPackageProductDependency section */
	};
	rootObject = 47E74E0027CA0FFE00467A0C /* Project object */;
}
