{
  "pins" : [
    {
      "identity" : "inputbaraccessoryview",
      "kind" : "remoteSourceControl",
      "location" : "https://github.com/nathantannar4/InputBarAccessoryView",
      "state" : {
        "revision" : "2843b4454cfb6de5b4d1e5939fef2dd6257b69ee",
        "version" : "5.5.0"
      }
    },
    {
      "identity" : "messagekit",
      "kind" : "remoteSourceControl",
      "location" : "https://github.com/MessageKit/MessageKit",
      "state" : {
        "revision" : "84236d91ac5783e3ecbefc15b82d854476720115",
        "version" : "3.8.0"
      }
    },
    {
      "identity" : "permissionskit",
      "kind" : "remoteSourceControl",
      "location" : "https://github.com/sparrowcode/PermissionsKit",
      "state" : {
        "revision" : "098f1455339a7f3ef57603260ca767a6544785b9",
        "version" : "8.0.1"
      }
    },
    {
      "identity" : "swiftmessages",
      "kind" : "remoteSourceControl",
      "location" : "https://github.com/SwiftKickMobile/SwiftMessages",
      "state" : {
        "revision" : "b29dd21090b708aa0ae9ecbaf6e2d0487028dc3f",
        "version" : "9.0.6"
      }
    }
  ],
  "version" : 2
}
